PODS:
  - AFNetworking (2.6.1):
    - AFNetworking/NSURLConnection (= 2.6.1)
    - AFNetworking/NSURLSession (= 2.6.1)
    - AFNetworking/Reachability (= 2.6.1)
    - AFNetworking/Security (= 2.6.1)
    - AFNetworking/Serialization (= 2.6.1)
    - AFNetworking/UIKit (= 2.6.1)
  - AFNetworking/NSURLConnection (2.6.1):
    - AFNetworking/Reachability
    - AFNetworking/Security
    - AFNetworking/Serialization
  - AFNetworking/NSURLSession (2.6.1):
    - AFNetworking/Reachability
    - AFNetworking/Security
    - AFNetworking/Serialization
  - AFNetworking/Reachability (2.6.1)
  - AFNetworking/Security (2.6.1)
  - AFNetworking/Serialization (2.6.1)
  - AFNetworking/UIKit (2.6.1):
    - AFNetworking/NSURLConnection
    - AFNetworking/NSURLSession
  - CocoaLumberjack (1.7.0):
    - CocoaLumberjack/Core (= 1.7.0)
    - CocoaLumberjack/Extensions (= 1.7.0)
  - CocoaLumberjack/Core (1.7.0)
  - CocoaLumberjack/Extensions (1.7.0):
    - CocoaLumberjack/Core
  - DTCoreText (1.6.16):
    - DTFoundation/Core (~> 1.7.5)
    - DTFoundation/DTAnimatedGIF (~> 1.7.5)
    - DTFoundation/DTHTMLParser (~> 1.7.5)
    - DTFoundation/UIKit (~> 1.7.5)
  - DTFoundation/Core (1.7.8)
  - DTFoundation/DTAnimatedGIF (1.7.8)
  - DTFoundation/DTHTMLParser (1.7.8):
    - DTFoundation/Core
  - DTFoundation/UIKit (1.7.8):
    - DTFoundation/Core
  - FMDB (2.5):
    - FMDB/standard (= 2.5)
  - FMDB/common (2.5)
  - FMDB/standard (2.5):
    - FMDB/common
  - FXImageView (1.3.5)
  - ImagePlayerView (1.0.3)
  - Mantle (1.5.6):
    - Mantle/extobjc (= 1.5.6)
  - Mantle-HAL (1.1.0):
    - Mantle (~> 1.5)
  - Mantle/extobjc (1.5.6)
  - MBProgressHUD (0.9.1)
  - MJRefresh (2.4.12)
  - Reachability (3.1.1)
  - VKFoundation (0.1.1):
    - CocoaLumberjack (~> 1.7.0)
    - DTCoreText (~> 1.6.11)
    - FXImageView (~> 1.3.3)
    - Reachability (~> 3.1.1)
  - VKVideoPlayer (0.1.4):
    - CocoaLumberjack (~> 1.7.0)
    - DTCoreText (~> 1.6.11)
    - VKFoundation (= 0.1.1)

DEPENDENCIES:
  - AFNetworking
  - FMDB
  - ImagePlayerView
  - Mantle
  - Mantle-HAL
  - MBProgressHUD (~> 0.9.1)
  - MJRefresh
  - VKVideoPlayer (~> 0.1.1)

SPEC CHECKSUMS:
  AFNetworking: 8e4e60500beb8bec644cf575beee72990a76d399
  CocoaLumberjack: a2213b8410917a1a5ecfc5c63a4206edc24d3a5b
  DTCoreText: 934a16fe9ffdd169c96261721b39dc312b75713d
  DTFoundation: 46e2b2fafe78d67febfd8d1f85fe9845a093f00e
  FMDB: 96e8f1bcc1329e269330f99770ad4285d9003e52
  FXImageView: 7d84722b37f0afea9a64f12fdd4a6c7f9ecc4b16
  ImagePlayerView: c5db63e0548d711b16b2c7a3acae720216d0082b
  Mantle: a197db93e0f1e36194b1fdbc078219a8492eaef2
  Mantle-HAL: 8246302c6a2e0916dfc304f90110a14a0df368cd
  MBProgressHUD: c47f2c166c126cf2ce36498d80f33e754d4e93ad
  MJRefresh: ca8e9589895977df32d379d46e6b8a5450b3ff44
  Reachability: dd9aa4fb6667b9f787690a74f53cb7634ce99893
  VKFoundation: a3d26de016870f705a256c5c6dbab57865c4e99a
  VKVideoPlayer: 75d0c44d8cd208dd01ae397d2e75c52cfc51dd19

COCOAPODS: 0.39.0
