// !$*UTF8*$!
{
	archiveVersion = 1;
	classes = {
	};
	objectVersion = 46;
	objects = {

/* Begin PBXBuildFile section */
		2A69127DDCA3943356112983 /* libPods.a in Frameworks */ = {isa = PBXBuildFile; fileRef = B6A8DF9817AA3EA787832365 /* libPods.a */; };
		F00930AB1BD37FD5005E3E3E /* MTModel+GGRequest.m in Sources */ = {isa = PBXBuildFile; fileRef = F00930A21BD37FD5005E3E3E /* MTModel+GGRequest.m */; settings = {ASSET_TAGS = (); }; };
		F00930AC1BD37FD5005E3E3E /* UserModel.m in Sources */ = {isa = PBXBuildFile; fileRef = F00930A41BD37FD5005E3E3E /* UserModel.m */; settings = {ASSET_TAGS = (); }; };
		F00930AD1BD37FD5005E3E3E /* VideoListModel.m in Sources */ = {isa = PBXBuildFile; fileRef = F00930A61BD37FD5005E3E3E /* VideoListModel.m */; settings = {ASSET_TAGS = (); }; };
		F00930AE1BD37FD5005E3E3E /* VideoModel.m in Sources */ = {isa = PBXBuildFile; fileRef = F00930A81BD37FD5005E3E3E /* VideoModel.m */; settings = {ASSET_TAGS = (); }; };
		F00EF2201BCF8045009FEEB4 /* BaseViewController.m in Sources */ = {isa = PBXBuildFile; fileRef = F00EF21F1BCF8045009FEEB4 /* BaseViewController.m */; settings = {ASSET_TAGS = (); }; };
		F00EF2231BCF806A009FEEB4 /* GGNavigationBar.m in Sources */ = {isa = PBXBuildFile; fileRef = F00EF2221BCF806A009FEEB4 /* GGNavigationBar.m */; settings = {ASSET_TAGS = (); }; };
		F021BDBD1BD34407001429CC /* AuthorVideoListController.m in Sources */ = {isa = PBXBuildFile; fileRef = F021BDBC1BD34407001429CC /* AuthorVideoListController.m */; settings = {ASSET_TAGS = (); }; };
		F0634E9C1BE0B5A3003F45ED /* libWeChatSDK.a in Frameworks */ = {isa = PBXBuildFile; fileRef = F0634E981BE0B5A3003F45ED /* libWeChatSDK.a */; settings = {ASSET_TAGS = (); }; };
		F0634E9D1BE0B5A3003F45ED /* read_me.txt in Resources */ = {isa = PBXBuildFile; fileRef = F0634E991BE0B5A3003F45ED /* read_me.txt */; settings = {ASSET_TAGS = (); }; };
		F0634EA71BE0B73E003F45ED /* CoreTelephony.framework in Frameworks */ = {isa = PBXBuildFile; fileRef = F0634EA61BE0B73E003F45ED /* CoreTelephony.framework */; };
		F0634EAC1BE0B94A003F45ED /* WXApiRequestHandler.m in Sources */ = {isa = PBXBuildFile; fileRef = F0634EA91BE0B94A003F45ED /* WXApiRequestHandler.m */; settings = {ASSET_TAGS = (); }; };
		F0634EAD1BE0B94A003F45ED /* WXApiResponseHandler.m in Sources */ = {isa = PBXBuildFile; fileRef = F0634EAB1BE0B94A003F45ED /* WXApiResponseHandler.m */; settings = {ASSET_TAGS = (); }; };
		F0634EB01BE0B9AF003F45ED /* WXApiManager.m in Sources */ = {isa = PBXBuildFile; fileRef = F0634EAF1BE0B9AF003F45ED /* WXApiManager.m */; settings = {ASSET_TAGS = (); }; };
		F0634EB91BE0BAE5003F45ED /* GetMessageFromWXResp+responseWithTextOrMediaMessage.m in Sources */ = {isa = PBXBuildFile; fileRef = F0634EB41BE0BAE5003F45ED /* GetMessageFromWXResp+responseWithTextOrMediaMessage.m */; settings = {ASSET_TAGS = (); }; };
		F0634EBA1BE0BAE5003F45ED /* SendMessageToWXReq+requestWithTextOrMediaMessage.m in Sources */ = {isa = PBXBuildFile; fileRef = F0634EB61BE0BAE5003F45ED /* SendMessageToWXReq+requestWithTextOrMediaMessage.m */; settings = {ASSET_TAGS = (); }; };
		F0634EBB1BE0BAE5003F45ED /* WXMediaMessage+messageConstruct.m in Sources */ = {isa = PBXBuildFile; fileRef = F0634EB81BE0BAE5003F45ED /* WXMediaMessage+messageConstruct.m */; settings = {ASSET_TAGS = (); }; };
		F07619861BD1D1F70097686B /* M3U8Parser.m in Sources */ = {isa = PBXBuildFile; fileRef = F076197D1BD1D1F70097686B /* M3U8Parser.m */; settings = {COMPILER_FLAGS = "-fno-objc-arc"; }; };
		F07619871BD1D1F70097686B /* M3U8SegmentInfo.m in Sources */ = {isa = PBXBuildFile; fileRef = F076197F1BD1D1F70097686B /* M3U8SegmentInfo.m */; settings = {COMPILER_FLAGS = "-fno-objc-arc"; }; };
		F07619881BD1D1F70097686B /* M3U8SegmentInfoList.m in Sources */ = {isa = PBXBuildFile; fileRef = F07619811BD1D1F70097686B /* M3U8SegmentInfoList.m */; settings = {COMPILER_FLAGS = "-fno-objc-arc"; }; };
		F07619891BD1D1F70097686B /* NSString+m3u8.m in Sources */ = {isa = PBXBuildFile; fileRef = F07619831BD1D1F70097686B /* NSString+m3u8.m */; settings = {COMPILER_FLAGS = "-fno-objc-arc"; }; };
		F076198A1BD1D1F70097686B /* NSURL+m3u8.m in Sources */ = {isa = PBXBuildFile; fileRef = F07619851BD1D1F70097686B /* NSURL+m3u8.m */; settings = {COMPILER_FLAGS = "-fno-objc-arc"; }; };
		F076198D1BD1DA940097686B /* M3U8Tool.m in Sources */ = {isa = PBXBuildFile; fileRef = F076198C1BD1DA940097686B /* M3U8Tool.m */; settings = {ASSET_TAGS = (); }; };
		F0966F141BD202B2000A512F /* VideoViewController.m in Sources */ = {isa = PBXBuildFile; fileRef = F0966F131BD202B2000A512F /* VideoViewController.m */; settings = {ASSET_TAGS = (); }; };
		F0A2676B1BD0906C004BB71D /* GGRequest.m in Sources */ = {isa = PBXBuildFile; fileRef = F0A2676A1BD0906C004BB71D /* GGRequest.m */; settings = {ASSET_TAGS = (); }; };
		F0A2676E1BD09F20004BB71D /* BaseViewController+NaviView.m in Sources */ = {isa = PBXBuildFile; fileRef = F0A2676D1BD09F20004BB71D /* BaseViewController+NaviView.m */; settings = {ASSET_TAGS = (); }; };
		F0B3EF501BD0D69E00313C24 /* GGRequestManager.m in Sources */ = {isa = PBXBuildFile; fileRef = F0B3EF4F1BD0D69E00313C24 /* GGRequestManager.m */; settings = {ASSET_TAGS = (); }; };
		F0B3EF531BD0D6AD00313C24 /* GGRequestObserver.m in Sources */ = {isa = PBXBuildFile; fileRef = F0B3EF521BD0D6AD00313C24 /* GGRequestObserver.m */; settings = {ASSET_TAGS = (); }; };
		F0CF6C8B1BD777FB00DF8017 /* SearchViewController.m in Sources */ = {isa = PBXBuildFile; fileRef = F0CF6C8A1BD777FB00DF8017 /* SearchViewController.m */; settings = {ASSET_TAGS = (); }; };
		F0CF6C8E1BD77C5600DF8017 /* VideoListBaseController.m in Sources */ = {isa = PBXBuildFile; fileRef = F0CF6C8D1BD77C5600DF8017 /* VideoListBaseController.m */; settings = {ASSET_TAGS = (); }; };
		F0CF6C921BD77D3100DF8017 /* VideoListCell.m in Sources */ = {isa = PBXBuildFile; fileRef = F0CF6C901BD77D3100DF8017 /* VideoListCell.m */; settings = {ASSET_TAGS = (); }; };
		F0CF6C931BD77D3100DF8017 /* VideoListCell.xib in Resources */ = {isa = PBXBuildFile; fileRef = F0CF6C911BD77D3100DF8017 /* VideoListCell.xib */; settings = {ASSET_TAGS = (); }; };
		F0CF6C991BD783B600DF8017 /* BaseViewController+GGRequest.m in Sources */ = {isa = PBXBuildFile; fileRef = F0CF6C981BD783B600DF8017 /* BaseViewController+GGRequest.m */; settings = {ASSET_TAGS = (); }; };
		F0D56B491BD3B616009CA293 /* AuthourData.geojson in Resources */ = {isa = PBXBuildFile; fileRef = F0D56B481BD3B616009CA293 /* AuthourData.geojson */; settings = {ASSET_TAGS = (); }; };
		F0D56B4C1BD3E5FB009CA293 /* VideoListController.m in Sources */ = {isa = PBXBuildFile; fileRef = F0D56B4B1BD3E5FB009CA293 /* VideoListController.m */; settings = {ASSET_TAGS = (); }; };
		F0EAF15A1BCE205500B18B81 /* DeviceInfo.m in Sources */ = {isa = PBXBuildFile; fileRef = F0EAF14C1BCE205500B18B81 /* DeviceInfo.m */; settings = {ASSET_TAGS = (); }; };
		F0EAF15C1BCE205500B18B81 /* SvUDIDTools.m in Sources */ = {isa = PBXBuildFile; fileRef = F0EAF1501BCE205500B18B81 /* SvUDIDTools.m */; settings = {COMPILER_FLAGS = "-fno-objc-arc"; }; };
		F0EAF15D1BCE205600B18B81 /* ZXUnitil.mm in Sources */ = {isa = PBXBuildFile; fileRef = F0EAF1521BCE205500B18B81 /* ZXUnitil.mm */; settings = {ASSET_TAGS = (); }; };
		F0EAF15F1BCE205600B18B81 /* MainTabBarController.m in Sources */ = {isa = PBXBuildFile; fileRef = F0EAF1571BCE205500B18B81 /* MainTabBarController.m */; settings = {ASSET_TAGS = (); }; };
		F0EAF1631BCE213C00B18B81 /* HomeController.m in Sources */ = {isa = PBXBuildFile; fileRef = F0EAF1621BCE213C00B18B81 /* HomeController.m */; settings = {ASSET_TAGS = (); }; };
		F0EAF1661BCE215B00B18B81 /* UserCenterController.m in Sources */ = {isa = PBXBuildFile; fileRef = F0EAF1651BCE215B00B18B81 /* UserCenterController.m */; settings = {ASSET_TAGS = (); }; };
		F0EAF16B1BCE2B3200B18B81 /* Assets.xcassets in Resources */ = {isa = PBXBuildFile; fileRef = F0EAF16A1BCE2B3200B18B81 /* Assets.xcassets */; settings = {ASSET_TAGS = (); }; };
		F0EF55F41BCDEA680062ECE1 /* main.m in Sources */ = {isa = PBXBuildFile; fileRef = F0EF55F31BCDEA680062ECE1 /* main.m */; };
		F0EF55F71BCDEA680062ECE1 /* AppDelegate.m in Sources */ = {isa = PBXBuildFile; fileRef = F0EF55F61BCDEA680062ECE1 /* AppDelegate.m */; };
		F0EF56001BCDEA680062ECE1 /* Main.storyboard in Resources */ = {isa = PBXBuildFile; fileRef = F0EF55FE1BCDEA680062ECE1 /* Main.storyboard */; };
		F0EF56051BCDEA680062ECE1 /* LaunchScreen.storyboard in Resources */ = {isa = PBXBuildFile; fileRef = F0EF56031BCDEA680062ECE1 /* LaunchScreen.storyboard */; };
		F0EF56101BCDEA680062ECE1 /* MyDotaTests.m in Sources */ = {isa = PBXBuildFile; fileRef = F0EF560F1BCDEA680062ECE1 /* MyDotaTests.m */; };
		F0EF561B1BCDEA680062ECE1 /* MyDotaUITests.m in Sources */ = {isa = PBXBuildFile; fileRef = F0EF561A1BCDEA680062ECE1 /* MyDotaUITests.m */; };
		F0F58FCB1BDE29E300745E4C /* FMDBManager.m in Sources */ = {isa = PBXBuildFile; fileRef = F0F58FCA1BDE29E300745E4C /* FMDBManager.m */; settings = {ASSET_TAGS = (); }; };
/* End PBXBuildFile section */

/* Begin PBXContainerItemProxy section */
		F0EF560C1BCDEA680062ECE1 /* PBXContainerItemProxy */ = {
			isa = PBXContainerItemProxy;
			containerPortal = F0EF55E71BCDEA680062ECE1 /* Project object */;
			proxyType = 1;
			remoteGlobalIDString = F0EF55EE1BCDEA680062ECE1;
			remoteInfo = MyDota;
		};
		F0EF56171BCDEA680062ECE1 /* PBXContainerItemProxy */ = {
			isa = PBXContainerItemProxy;
			containerPortal = F0EF55E71BCDEA680062ECE1 /* Project object */;
			proxyType = 1;
			remoteGlobalIDString = F0EF55EE1BCDEA680062ECE1;
			remoteInfo = MyDota;
		};
/* End PBXContainerItemProxy section */

/* Begin PBXFileReference section */
		B6A8DF9817AA3EA787832365 /* libPods.a */ = {isa = PBXFileReference; explicitFileType = archive.ar; includeInIndex = 0; path = libPods.a; sourceTree = BUILT_PRODUCTS_DIR; };
		D19AEA35F225D28540C4704D /* Pods.release.xcconfig */ = {isa = PBXFileReference; includeInIndex = 1; lastKnownFileType = text.xcconfig; name = Pods.release.xcconfig; path = "Pods/Target Support Files/Pods/Pods.release.xcconfig"; sourceTree = "<group>"; };
		DA268A94AE4A824AC373461B /* Pods.debug.xcconfig */ = {isa = PBXFileReference; includeInIndex = 1; lastKnownFileType = text.xcconfig; name = Pods.debug.xcconfig; path = "Pods/Target Support Files/Pods/Pods.debug.xcconfig"; sourceTree = "<group>"; };
		F00930A11BD37FD5005E3E3E /* MTModel+GGRequest.h */ = {isa = PBXFileReference; fileEncoding = 4; lastKnownFileType = sourcecode.c.h; path = "MTModel+GGRequest.h"; sourceTree = "<group>"; };
		F00930A21BD37FD5005E3E3E /* MTModel+GGRequest.m */ = {isa = PBXFileReference; fileEncoding = 4; lastKnownFileType = sourcecode.c.objc; path = "MTModel+GGRequest.m"; sourceTree = "<group>"; };
		F00930A31BD37FD5005E3E3E /* UserModel.h */ = {isa = PBXFileReference; fileEncoding = 4; lastKnownFileType = sourcecode.c.h; path = UserModel.h; sourceTree = "<group>"; };
		F00930A41BD37FD5005E3E3E /* UserModel.m */ = {isa = PBXFileReference; fileEncoding = 4; lastKnownFileType = sourcecode.c.objc; path = UserModel.m; sourceTree = "<group>"; };
		F00930A51BD37FD5005E3E3E /* VideoListModel.h */ = {isa = PBXFileReference; fileEncoding = 4; lastKnownFileType = sourcecode.c.h; path = VideoListModel.h; sourceTree = "<group>"; };
		F00930A61BD37FD5005E3E3E /* VideoListModel.m */ = {isa = PBXFileReference; fileEncoding = 4; lastKnownFileType = sourcecode.c.objc; path = VideoListModel.m; sourceTree = "<group>"; };
		F00930A71BD37FD5005E3E3E /* VideoModel.h */ = {isa = PBXFileReference; fileEncoding = 4; lastKnownFileType = sourcecode.c.h; path = VideoModel.h; sourceTree = "<group>"; };
		F00930A81BD37FD5005E3E3E /* VideoModel.m */ = {isa = PBXFileReference; fileEncoding = 4; lastKnownFileType = sourcecode.c.objc; path = VideoModel.m; sourceTree = "<group>"; };
		F00EF21E1BCF8045009FEEB4 /* BaseViewController.h */ = {isa = PBXFileReference; fileEncoding = 4; lastKnownFileType = sourcecode.c.h; path = BaseViewController.h; sourceTree = "<group>"; };
		F00EF21F1BCF8045009FEEB4 /* BaseViewController.m */ = {isa = PBXFileReference; fileEncoding = 4; lastKnownFileType = sourcecode.c.objc; path = BaseViewController.m; sourceTree = "<group>"; };
		F00EF2211BCF806A009FEEB4 /* GGNavigationBar.h */ = {isa = PBXFileReference; fileEncoding = 4; lastKnownFileType = sourcecode.c.h; path = GGNavigationBar.h; sourceTree = "<group>"; };
		F00EF2221BCF806A009FEEB4 /* GGNavigationBar.m */ = {isa = PBXFileReference; fileEncoding = 4; lastKnownFileType = sourcecode.c.objc; path = GGNavigationBar.m; sourceTree = "<group>"; };
		F021BDBB1BD34407001429CC /* AuthorVideoListController.h */ = {isa = PBXFileReference; fileEncoding = 4; lastKnownFileType = sourcecode.c.h; path = AuthorVideoListController.h; sourceTree = "<group>"; };
		F021BDBC1BD34407001429CC /* AuthorVideoListController.m */ = {isa = PBXFileReference; fileEncoding = 4; lastKnownFileType = sourcecode.c.objc; path = AuthorVideoListController.m; sourceTree = "<group>"; };
		F0634E981BE0B5A3003F45ED /* libWeChatSDK.a */ = {isa = PBXFileReference; lastKnownFileType = archive.ar; path = libWeChatSDK.a; sourceTree = "<group>"; };
		F0634E991BE0B5A3003F45ED /* read_me.txt */ = {isa = PBXFileReference; fileEncoding = 4; lastKnownFileType = text; path = read_me.txt; sourceTree = "<group>"; };
		F0634E9A1BE0B5A3003F45ED /* WXApi.h */ = {isa = PBXFileReference; fileEncoding = 4; lastKnownFileType = sourcecode.c.h; path = WXApi.h; sourceTree = "<group>"; };
		F0634E9B1BE0B5A3003F45ED /* WXApiObject.h */ = {isa = PBXFileReference; fileEncoding = 4; lastKnownFileType = sourcecode.c.h; path = WXApiObject.h; sourceTree = "<group>"; };
		F0634E9E1BE0B69E003F45ED /* SystemConfiguration.framework */ = {isa = PBXFileReference; lastKnownFileType = wrapper.framework; name = SystemConfiguration.framework; path = System/Library/Frameworks/SystemConfiguration.framework; sourceTree = SDKROOT; };
		F0634EA01BE0B6AE003F45ED /* libz.1.2.5.tbd */ = {isa = PBXFileReference; lastKnownFileType = "sourcecode.text-based-dylib-definition"; name = libz.1.2.5.tbd; path = usr/lib/libz.1.2.5.tbd; sourceTree = SDKROOT; };
		F0634EA21BE0B6B6003F45ED /* libsqlite3.0.tbd */ = {isa = PBXFileReference; lastKnownFileType = "sourcecode.text-based-dylib-definition"; name = libsqlite3.0.tbd; path = usr/lib/libsqlite3.0.tbd; sourceTree = SDKROOT; };
		F0634EA41BE0B6C1003F45ED /* libc++.1.tbd */ = {isa = PBXFileReference; lastKnownFileType = "sourcecode.text-based-dylib-definition"; name = "libc++.1.tbd"; path = "usr/lib/libc++.1.tbd"; sourceTree = SDKROOT; };
		F0634EA61BE0B73E003F45ED /* CoreTelephony.framework */ = {isa = PBXFileReference; lastKnownFileType = wrapper.framework; name = CoreTelephony.framework; path = System/Library/Frameworks/CoreTelephony.framework; sourceTree = SDKROOT; };
		F0634EA81BE0B94A003F45ED /* WXApiRequestHandler.h */ = {isa = PBXFileReference; fileEncoding = 4; lastKnownFileType = sourcecode.c.h; path = WXApiRequestHandler.h; sourceTree = "<group>"; };
		F0634EA91BE0B94A003F45ED /* WXApiRequestHandler.m */ = {isa = PBXFileReference; fileEncoding = 4; lastKnownFileType = sourcecode.c.objc; path = WXApiRequestHandler.m; sourceTree = "<group>"; };
		F0634EAA1BE0B94A003F45ED /* WXApiResponseHandler.h */ = {isa = PBXFileReference; fileEncoding = 4; lastKnownFileType = sourcecode.c.h; path = WXApiResponseHandler.h; sourceTree = "<group>"; };
		F0634EAB1BE0B94A003F45ED /* WXApiResponseHandler.m */ = {isa = PBXFileReference; fileEncoding = 4; lastKnownFileType = sourcecode.c.objc; path = WXApiResponseHandler.m; sourceTree = "<group>"; };
		F0634EAE1BE0B9AF003F45ED /* WXApiManager.h */ = {isa = PBXFileReference; fileEncoding = 4; lastKnownFileType = sourcecode.c.h; path = WXApiManager.h; sourceTree = "<group>"; };
		F0634EAF1BE0B9AF003F45ED /* WXApiManager.m */ = {isa = PBXFileReference; fileEncoding = 4; lastKnownFileType = sourcecode.c.objc; path = WXApiManager.m; sourceTree = "<group>"; };
		F0634EB21BE0BAE5003F45ED /* Constant.h */ = {isa = PBXFileReference; fileEncoding = 4; lastKnownFileType = sourcecode.c.h; path = Constant.h; sourceTree = "<group>"; };
		F0634EB31BE0BAE5003F45ED /* GetMessageFromWXResp+responseWithTextOrMediaMessage.h */ = {isa = PBXFileReference; fileEncoding = 4; lastKnownFileType = sourcecode.c.h; path = "GetMessageFromWXResp+responseWithTextOrMediaMessage.h"; sourceTree = "<group>"; };
		F0634EB41BE0BAE5003F45ED /* GetMessageFromWXResp+responseWithTextOrMediaMessage.m */ = {isa = PBXFileReference; fileEncoding = 4; lastKnownFileType = sourcecode.c.objc; path = "GetMessageFromWXResp+responseWithTextOrMediaMessage.m"; sourceTree = "<group>"; };
		F0634EB51BE0BAE5003F45ED /* SendMessageToWXReq+requestWithTextOrMediaMessage.h */ = {isa = PBXFileReference; fileEncoding = 4; lastKnownFileType = sourcecode.c.h; path = "SendMessageToWXReq+requestWithTextOrMediaMessage.h"; sourceTree = "<group>"; };
		F0634EB61BE0BAE5003F45ED /* SendMessageToWXReq+requestWithTextOrMediaMessage.m */ = {isa = PBXFileReference; fileEncoding = 4; lastKnownFileType = sourcecode.c.objc; path = "SendMessageToWXReq+requestWithTextOrMediaMessage.m"; sourceTree = "<group>"; };
		F0634EB71BE0BAE5003F45ED /* WXMediaMessage+messageConstruct.h */ = {isa = PBXFileReference; fileEncoding = 4; lastKnownFileType = sourcecode.c.h; path = "WXMediaMessage+messageConstruct.h"; sourceTree = "<group>"; };
		F0634EB81BE0BAE5003F45ED /* WXMediaMessage+messageConstruct.m */ = {isa = PBXFileReference; fileEncoding = 4; lastKnownFileType = sourcecode.c.objc; path = "WXMediaMessage+messageConstruct.m"; sourceTree = "<group>"; };
		F076197A1BD1D1F70097686B /* M3U8Kit-Prefix.pch */ = {isa = PBXFileReference; fileEncoding = 4; lastKnownFileType = sourcecode.c.h; path = "M3U8Kit-Prefix.pch"; sourceTree = "<group>"; };
		F076197B1BD1D1F70097686B /* M3U8Kit.h */ = {isa = PBXFileReference; fileEncoding = 4; lastKnownFileType = sourcecode.c.h; path = M3U8Kit.h; sourceTree = "<group>"; };
		F076197C1BD1D1F70097686B /* M3U8Parser.h */ = {isa = PBXFileReference; fileEncoding = 4; lastKnownFileType = sourcecode.c.h; path = M3U8Parser.h; sourceTree = "<group>"; };
		F076197D1BD1D1F70097686B /* M3U8Parser.m */ = {isa = PBXFileReference; fileEncoding = 4; lastKnownFileType = sourcecode.c.objc; path = M3U8Parser.m; sourceTree = "<group>"; };
		F076197E1BD1D1F70097686B /* M3U8SegmentInfo.h */ = {isa = PBXFileReference; fileEncoding = 4; lastKnownFileType = sourcecode.c.h; path = M3U8SegmentInfo.h; sourceTree = "<group>"; };
		F076197F1BD1D1F70097686B /* M3U8SegmentInfo.m */ = {isa = PBXFileReference; fileEncoding = 4; lastKnownFileType = sourcecode.c.objc; path = M3U8SegmentInfo.m; sourceTree = "<group>"; };
		F07619801BD1D1F70097686B /* M3U8SegmentInfoList.h */ = {isa = PBXFileReference; fileEncoding = 4; lastKnownFileType = sourcecode.c.h; path = M3U8SegmentInfoList.h; sourceTree = "<group>"; };
		F07619811BD1D1F70097686B /* M3U8SegmentInfoList.m */ = {isa = PBXFileReference; fileEncoding = 4; lastKnownFileType = sourcecode.c.objc; path = M3U8SegmentInfoList.m; sourceTree = "<group>"; };
		F07619821BD1D1F70097686B /* NSString+m3u8.h */ = {isa = PBXFileReference; fileEncoding = 4; lastKnownFileType = sourcecode.c.h; path = "NSString+m3u8.h"; sourceTree = "<group>"; };
		F07619831BD1D1F70097686B /* NSString+m3u8.m */ = {isa = PBXFileReference; fileEncoding = 4; lastKnownFileType = sourcecode.c.objc; path = "NSString+m3u8.m"; sourceTree = "<group>"; };
		F07619841BD1D1F70097686B /* NSURL+m3u8.h */ = {isa = PBXFileReference; fileEncoding = 4; lastKnownFileType = sourcecode.c.h; path = "NSURL+m3u8.h"; sourceTree = "<group>"; };
		F07619851BD1D1F70097686B /* NSURL+m3u8.m */ = {isa = PBXFileReference; fileEncoding = 4; lastKnownFileType = sourcecode.c.objc; path = "NSURL+m3u8.m"; sourceTree = "<group>"; };
		F076198B1BD1DA940097686B /* M3U8Tool.h */ = {isa = PBXFileReference; fileEncoding = 4; lastKnownFileType = sourcecode.c.h; path = M3U8Tool.h; sourceTree = "<group>"; };
		F076198C1BD1DA940097686B /* M3U8Tool.m */ = {isa = PBXFileReference; fileEncoding = 4; lastKnownFileType = sourcecode.c.objc; path = M3U8Tool.m; sourceTree = "<group>"; };
		F0966F121BD202B2000A512F /* VideoViewController.h */ = {isa = PBXFileReference; fileEncoding = 4; lastKnownFileType = sourcecode.c.h; path = VideoViewController.h; sourceTree = "<group>"; };
		F0966F131BD202B2000A512F /* VideoViewController.m */ = {isa = PBXFileReference; fileEncoding = 4; lastKnownFileType = sourcecode.c.objc; path = VideoViewController.m; sourceTree = "<group>"; };
		F0A267691BD0906C004BB71D /* GGRequest.h */ = {isa = PBXFileReference; fileEncoding = 4; lastKnownFileType = sourcecode.c.h; path = GGRequest.h; sourceTree = "<group>"; };
		F0A2676A1BD0906C004BB71D /* GGRequest.m */ = {isa = PBXFileReference; fileEncoding = 4; lastKnownFileType = sourcecode.c.objc; path = GGRequest.m; sourceTree = "<group>"; };
		F0A2676C1BD09F20004BB71D /* BaseViewController+NaviView.h */ = {isa = PBXFileReference; fileEncoding = 4; lastKnownFileType = sourcecode.c.h; path = "BaseViewController+NaviView.h"; sourceTree = "<group>"; };
		F0A2676D1BD09F20004BB71D /* BaseViewController+NaviView.m */ = {isa = PBXFileReference; fileEncoding = 4; lastKnownFileType = sourcecode.c.objc; path = "BaseViewController+NaviView.m"; sourceTree = "<group>"; };
		F0B3EF4E1BD0D69E00313C24 /* GGRequestManager.h */ = {isa = PBXFileReference; fileEncoding = 4; lastKnownFileType = sourcecode.c.h; path = GGRequestManager.h; sourceTree = "<group>"; };
		F0B3EF4F1BD0D69E00313C24 /* GGRequestManager.m */ = {isa = PBXFileReference; fileEncoding = 4; lastKnownFileType = sourcecode.c.objc; path = GGRequestManager.m; sourceTree = "<group>"; };
		F0B3EF511BD0D6AD00313C24 /* GGRequestObserver.h */ = {isa = PBXFileReference; fileEncoding = 4; lastKnownFileType = sourcecode.c.h; path = GGRequestObserver.h; sourceTree = "<group>"; };
		F0B3EF521BD0D6AD00313C24 /* GGRequestObserver.m */ = {isa = PBXFileReference; fileEncoding = 4; lastKnownFileType = sourcecode.c.objc; path = GGRequestObserver.m; sourceTree = "<group>"; };
		F0CF6C891BD777FB00DF8017 /* SearchViewController.h */ = {isa = PBXFileReference; fileEncoding = 4; lastKnownFileType = sourcecode.c.h; path = SearchViewController.h; sourceTree = "<group>"; };
		F0CF6C8A1BD777FB00DF8017 /* SearchViewController.m */ = {isa = PBXFileReference; fileEncoding = 4; lastKnownFileType = sourcecode.c.objc; path = SearchViewController.m; sourceTree = "<group>"; };
		F0CF6C8C1BD77C5600DF8017 /* VideoListBaseController.h */ = {isa = PBXFileReference; fileEncoding = 4; lastKnownFileType = sourcecode.c.h; path = VideoListBaseController.h; sourceTree = "<group>"; };
		F0CF6C8D1BD77C5600DF8017 /* VideoListBaseController.m */ = {isa = PBXFileReference; fileEncoding = 4; lastKnownFileType = sourcecode.c.objc; path = VideoListBaseController.m; sourceTree = "<group>"; };
		F0CF6C8F1BD77D3100DF8017 /* VideoListCell.h */ = {isa = PBXFileReference; fileEncoding = 4; lastKnownFileType = sourcecode.c.h; path = VideoListCell.h; sourceTree = "<group>"; };
		F0CF6C901BD77D3100DF8017 /* VideoListCell.m */ = {isa = PBXFileReference; fileEncoding = 4; lastKnownFileType = sourcecode.c.objc; path = VideoListCell.m; sourceTree = "<group>"; };
		F0CF6C911BD77D3100DF8017 /* VideoListCell.xib */ = {isa = PBXFileReference; fileEncoding = 4; lastKnownFileType = file.xib; path = VideoListCell.xib; sourceTree = "<group>"; };
		F0CF6C971BD783B600DF8017 /* BaseViewController+GGRequest.h */ = {isa = PBXFileReference; fileEncoding = 4; lastKnownFileType = sourcecode.c.h; path = "BaseViewController+GGRequest.h"; sourceTree = "<group>"; };
		F0CF6C981BD783B600DF8017 /* BaseViewController+GGRequest.m */ = {isa = PBXFileReference; fileEncoding = 4; lastKnownFileType = sourcecode.c.objc; path = "BaseViewController+GGRequest.m"; sourceTree = "<group>"; };
		F0D56B481BD3B616009CA293 /* AuthourData.geojson */ = {isa = PBXFileReference; fileEncoding = 4; lastKnownFileType = text; path = AuthourData.geojson; sourceTree = "<group>"; };
		F0D56B4A1BD3E5FB009CA293 /* VideoListController.h */ = {isa = PBXFileReference; fileEncoding = 4; lastKnownFileType = sourcecode.c.h; path = VideoListController.h; sourceTree = "<group>"; };
		F0D56B4B1BD3E5FB009CA293 /* VideoListController.m */ = {isa = PBXFileReference; fileEncoding = 4; lastKnownFileType = sourcecode.c.objc; path = VideoListController.m; sourceTree = "<group>"; };
		F0EAF14B1BCE205500B18B81 /* DeviceInfo.h */ = {isa = PBXFileReference; fileEncoding = 4; lastKnownFileType = sourcecode.c.h; path = DeviceInfo.h; sourceTree = "<group>"; };
		F0EAF14C1BCE205500B18B81 /* DeviceInfo.m */ = {isa = PBXFileReference; fileEncoding = 4; lastKnownFileType = sourcecode.c.objc; path = DeviceInfo.m; sourceTree = "<group>"; };
		F0EAF14F1BCE205500B18B81 /* SvUDIDTools.h */ = {isa = PBXFileReference; fileEncoding = 4; lastKnownFileType = sourcecode.c.h; path = SvUDIDTools.h; sourceTree = "<group>"; };
		F0EAF1501BCE205500B18B81 /* SvUDIDTools.m */ = {isa = PBXFileReference; fileEncoding = 4; lastKnownFileType = sourcecode.c.objc; path = SvUDIDTools.m; sourceTree = "<group>"; };
		F0EAF1511BCE205500B18B81 /* ZXUnitil.h */ = {isa = PBXFileReference; fileEncoding = 4; lastKnownFileType = sourcecode.c.h; path = ZXUnitil.h; sourceTree = "<group>"; };
		F0EAF1521BCE205500B18B81 /* ZXUnitil.mm */ = {isa = PBXFileReference; fileEncoding = 4; lastKnownFileType = sourcecode.cpp.objcpp; path = ZXUnitil.mm; sourceTree = "<group>"; };
		F0EAF1561BCE205500B18B81 /* MainTabBarController.h */ = {isa = PBXFileReference; fileEncoding = 4; lastKnownFileType = sourcecode.c.h; path = MainTabBarController.h; sourceTree = "<group>"; };
		F0EAF1571BCE205500B18B81 /* MainTabBarController.m */ = {isa = PBXFileReference; fileEncoding = 4; lastKnownFileType = sourcecode.c.objc; path = MainTabBarController.m; sourceTree = "<group>"; };
		F0EAF1611BCE213C00B18B81 /* HomeController.h */ = {isa = PBXFileReference; fileEncoding = 4; lastKnownFileType = sourcecode.c.h; path = HomeController.h; sourceTree = "<group>"; };
		F0EAF1621BCE213C00B18B81 /* HomeController.m */ = {isa = PBXFileReference; fileEncoding = 4; lastKnownFileType = sourcecode.c.objc; path = HomeController.m; sourceTree = "<group>"; };
		F0EAF1641BCE215B00B18B81 /* UserCenterController.h */ = {isa = PBXFileReference; fileEncoding = 4; lastKnownFileType = sourcecode.c.h; path = UserCenterController.h; sourceTree = "<group>"; };
		F0EAF1651BCE215B00B18B81 /* UserCenterController.m */ = {isa = PBXFileReference; fileEncoding = 4; lastKnownFileType = sourcecode.c.objc; path = UserCenterController.m; sourceTree = "<group>"; };
		F0EAF1671BCE22D400B18B81 /* MyDefines.h */ = {isa = PBXFileReference; fileEncoding = 4; lastKnownFileType = sourcecode.c.h; path = MyDefines.h; sourceTree = "<group>"; };
		F0EAF1691BCE237000B18B81 /* MyDota-Prefix.pch */ = {isa = PBXFileReference; fileEncoding = 4; lastKnownFileType = sourcecode.c.h; path = "MyDota-Prefix.pch"; sourceTree = "<group>"; };
		F0EAF16A1BCE2B3200B18B81 /* Assets.xcassets */ = {isa = PBXFileReference; lastKnownFileType = folder.assetcatalog; path = Assets.xcassets; sourceTree = "<group>"; };
		F0EF55EF1BCDEA680062ECE1 /* MyDota.app */ = {isa = PBXFileReference; explicitFileType = wrapper.application; includeInIndex = 0; path = MyDota.app; sourceTree = BUILT_PRODUCTS_DIR; };
		F0EF55F31BCDEA680062ECE1 /* main.m */ = {isa = PBXFileReference; lastKnownFileType = sourcecode.c.objc; path = main.m; sourceTree = "<group>"; };
		F0EF55F51BCDEA680062ECE1 /* AppDelegate.h */ = {isa = PBXFileReference; lastKnownFileType = sourcecode.c.h; path = AppDelegate.h; sourceTree = "<group>"; };
		F0EF55F61BCDEA680062ECE1 /* AppDelegate.m */ = {isa = PBXFileReference; lastKnownFileType = sourcecode.c.objc; path = AppDelegate.m; sourceTree = "<group>"; };
		F0EF55FF1BCDEA680062ECE1 /* Base */ = {isa = PBXFileReference; lastKnownFileType = file.storyboard; name = Base; path = Base.lproj/Main.storyboard; sourceTree = "<group>"; };
		F0EF56041BCDEA680062ECE1 /* Base */ = {isa = PBXFileReference; lastKnownFileType = file.storyboard; name = Base; path = Base.lproj/LaunchScreen.storyboard; sourceTree = "<group>"; };
		F0EF56061BCDEA680062ECE1 /* Info.plist */ = {isa = PBXFileReference; lastKnownFileType = text.plist.xml; path = Info.plist; sourceTree = "<group>"; };
		F0EF560B1BCDEA680062ECE1 /* MyDotaTests.xctest */ = {isa = PBXFileReference; explicitFileType = wrapper.cfbundle; includeInIndex = 0; path = MyDotaTests.xctest; sourceTree = BUILT_PRODUCTS_DIR; };
		F0EF560F1BCDEA680062ECE1 /* MyDotaTests.m */ = {isa = PBXFileReference; lastKnownFileType = sourcecode.c.objc; path = MyDotaTests.m; sourceTree = "<group>"; };
		F0EF56111BCDEA680062ECE1 /* Info.plist */ = {isa = PBXFileReference; lastKnownFileType = text.plist.xml; path = Info.plist; sourceTree = "<group>"; };
		F0EF56161BCDEA680062ECE1 /* MyDotaUITests.xctest */ = {isa = PBXFileReference; explicitFileType = wrapper.cfbundle; includeInIndex = 0; path = MyDotaUITests.xctest; sourceTree = BUILT_PRODUCTS_DIR; };
		F0EF561A1BCDEA680062ECE1 /* MyDotaUITests.m */ = {isa = PBXFileReference; lastKnownFileType = sourcecode.c.objc; path = MyDotaUITests.m; sourceTree = "<group>"; };
		F0EF561C1BCDEA680062ECE1 /* Info.plist */ = {isa = PBXFileReference; lastKnownFileType = text.plist.xml; path = Info.plist; sourceTree = "<group>"; };
		F0F58FC91BDE29E300745E4C /* FMDBManager.h */ = {isa = PBXFileReference; fileEncoding = 4; lastKnownFileType = sourcecode.c.h; path = FMDBManager.h; sourceTree = "<group>"; };
		F0F58FCA1BDE29E300745E4C /* FMDBManager.m */ = {isa = PBXFileReference; fileEncoding = 4; lastKnownFileType = sourcecode.c.objc; path = FMDBManager.m; sourceTree = "<group>"; };
		F0F58FCC1BDF08F500745E4C /* MTModelFMDBDelegate.h */ = {isa = PBXFileReference; fileEncoding = 4; lastKnownFileType = sourcecode.c.h; path = MTModelFMDBDelegate.h; sourceTree = "<group>"; };
/* End PBXFileReference section */

/* Begin PBXFrameworksBuildPhase section */
		F0EF55EC1BCDEA680062ECE1 /* Frameworks */ = {
			isa = PBXFrameworksBuildPhase;
			buildActionMask = 2147483647;
			files = (
				F0634EA71BE0B73E003F45ED /* CoreTelephony.framework in Frameworks */,
				F0634E9C1BE0B5A3003F45ED /* libWeChatSDK.a in Frameworks */,
				2A69127DDCA3943356112983 /* libPods.a in Frameworks */,
			);
			runOnlyForDeploymentPostprocessing = 0;
		};
		F0EF56081BCDEA680062ECE1 /* Frameworks */ = {
			isa = PBXFrameworksBuildPhase;
			buildActionMask = 2147483647;
			files = (
			);
			runOnlyForDeploymentPostprocessing = 0;
		};
		F0EF56131BCDEA680062ECE1 /* Frameworks */ = {
			isa = PBXFrameworksBuildPhase;
			buildActionMask = 2147483647;
			files = (
			);
			runOnlyForDeploymentPostprocessing = 0;
		};
/* End PBXFrameworksBuildPhase section */

/* Begin PBXGroup section */
		B6B8D3B2AB49C3C6DAD1352C /* Frameworks */ = {
			isa = PBXGroup;
			children = (
				F0634EA61BE0B73E003F45ED /* CoreTelephony.framework */,
				F0634EA41BE0B6C1003F45ED /* libc++.1.tbd */,
				F0634EA21BE0B6B6003F45ED /* libsqlite3.0.tbd */,
				F0634EA01BE0B6AE003F45ED /* libz.1.2.5.tbd */,
				F0634E9E1BE0B69E003F45ED /* SystemConfiguration.framework */,
				B6A8DF9817AA3EA787832365 /* libPods.a */,
			);
			name = Frameworks;
			sourceTree = "<group>";
		};
		F009309A1BD37FD5005E3E3E /* Models */ = {
			isa = PBXGroup;
			children = (
				F00930A11BD37FD5005E3E3E /* MTModel+GGRequest.h */,
				F00930A21BD37FD5005E3E3E /* MTModel+GGRequest.m */,
				F0F58FCC1BDF08F500745E4C /* MTModelFMDBDelegate.h */,
				F00930A31BD37FD5005E3E3E /* UserModel.h */,
				F00930A41BD37FD5005E3E3E /* UserModel.m */,
				F00930A51BD37FD5005E3E3E /* VideoListModel.h */,
				F00930A61BD37FD5005E3E3E /* VideoListModel.m */,
				F00930A71BD37FD5005E3E3E /* VideoModel.h */,
				F00930A81BD37FD5005E3E3E /* VideoModel.m */,
			);
			path = Models;
			sourceTree = "<group>";
		};
		F00EF21D1BCF8045009FEEB4 /* GGCommen */ = {
			isa = PBXGroup;
			children = (
				F00EF21E1BCF8045009FEEB4 /* BaseViewController.h */,
				F00EF21F1BCF8045009FEEB4 /* BaseViewController.m */,
				F00EF2211BCF806A009FEEB4 /* GGNavigationBar.h */,
				F00EF2221BCF806A009FEEB4 /* GGNavigationBar.m */,
				F0A2676C1BD09F20004BB71D /* BaseViewController+NaviView.h */,
				F0A2676D1BD09F20004BB71D /* BaseViewController+NaviView.m */,
				F0CF6C971BD783B600DF8017 /* BaseViewController+GGRequest.h */,
				F0CF6C981BD783B600DF8017 /* BaseViewController+GGRequest.m */,
				F0CF6C8C1BD77C5600DF8017 /* VideoListBaseController.h */,
				F0CF6C8D1BD77C5600DF8017 /* VideoListBaseController.m */,
				F0CF6C8F1BD77D3100DF8017 /* VideoListCell.h */,
				F0CF6C901BD77D3100DF8017 /* VideoListCell.m */,
				F0CF6C911BD77D3100DF8017 /* VideoListCell.xib */,
			);
			path = GGCommen;
			sourceTree = "<group>";
		};
		F0634E971BE0B5A3003F45ED /* weChat */ = {
			isa = PBXGroup;
			children = (
				F0634EB11BE0BAE5003F45ED /* Helper */,
				F0634EAE1BE0B9AF003F45ED /* WXApiManager.h */,
				F0634EAF1BE0B9AF003F45ED /* WXApiManager.m */,
				F0634EA81BE0B94A003F45ED /* WXApiRequestHandler.h */,
				F0634EA91BE0B94A003F45ED /* WXApiRequestHandler.m */,
				F0634EAA1BE0B94A003F45ED /* WXApiResponseHandler.h */,
				F0634EAB1BE0B94A003F45ED /* WXApiResponseHandler.m */,
				F0634E981BE0B5A3003F45ED /* libWeChatSDK.a */,
				F0634E991BE0B5A3003F45ED /* read_me.txt */,
				F0634E9A1BE0B5A3003F45ED /* WXApi.h */,
				F0634E9B1BE0B5A3003F45ED /* WXApiObject.h */,
			);
			path = weChat;
			sourceTree = "<group>";
		};
		F0634EB11BE0BAE5003F45ED /* Helper */ = {
			isa = PBXGroup;
			children = (
				F0634EB21BE0BAE5003F45ED /* Constant.h */,
				F0634EB31BE0BAE5003F45ED /* GetMessageFromWXResp+responseWithTextOrMediaMessage.h */,
				F0634EB41BE0BAE5003F45ED /* GetMessageFromWXResp+responseWithTextOrMediaMessage.m */,
				F0634EB51BE0BAE5003F45ED /* SendMessageToWXReq+requestWithTextOrMediaMessage.h */,
				F0634EB61BE0BAE5003F45ED /* SendMessageToWXReq+requestWithTextOrMediaMessage.m */,
				F0634EB71BE0BAE5003F45ED /* WXMediaMessage+messageConstruct.h */,
				F0634EB81BE0BAE5003F45ED /* WXMediaMessage+messageConstruct.m */,
			);
			path = Helper;
			sourceTree = "<group>";
		};
		F07619781BD1D1F70097686B /* Libary */ = {
			isa = PBXGroup;
			children = (
				F0634E971BE0B5A3003F45ED /* weChat */,
				F07619791BD1D1F70097686B /* M3U8Kit */,
			);
			path = Libary;
			sourceTree = "<group>";
		};
		F07619791BD1D1F70097686B /* M3U8Kit */ = {
			isa = PBXGroup;
			children = (
				F076197A1BD1D1F70097686B /* M3U8Kit-Prefix.pch */,
				F076197B1BD1D1F70097686B /* M3U8Kit.h */,
				F076197C1BD1D1F70097686B /* M3U8Parser.h */,
				F076197D1BD1D1F70097686B /* M3U8Parser.m */,
				F076197E1BD1D1F70097686B /* M3U8SegmentInfo.h */,
				F076197F1BD1D1F70097686B /* M3U8SegmentInfo.m */,
				F07619801BD1D1F70097686B /* M3U8SegmentInfoList.h */,
				F07619811BD1D1F70097686B /* M3U8SegmentInfoList.m */,
				F07619821BD1D1F70097686B /* NSString+m3u8.h */,
				F07619831BD1D1F70097686B /* NSString+m3u8.m */,
				F07619841BD1D1F70097686B /* NSURL+m3u8.h */,
				F07619851BD1D1F70097686B /* NSURL+m3u8.m */,
			);
			path = M3U8Kit;
			sourceTree = "<group>";
		};
		F076198E1BD1E28D0097686B /* subVC */ = {
			isa = PBXGroup;
			children = (
				F0966F121BD202B2000A512F /* VideoViewController.h */,
				F0966F131BD202B2000A512F /* VideoViewController.m */,
				F021BDBB1BD34407001429CC /* AuthorVideoListController.h */,
				F021BDBC1BD34407001429CC /* AuthorVideoListController.m */,
				F0D56B4A1BD3E5FB009CA293 /* VideoListController.h */,
				F0D56B4B1BD3E5FB009CA293 /* VideoListController.m */,
				F0CF6C891BD777FB00DF8017 /* SearchViewController.h */,
				F0CF6C8A1BD777FB00DF8017 /* SearchViewController.m */,
			);
			path = subVC;
			sourceTree = "<group>";
		};
		F0A267681BD0906C004BB71D /* Network */ = {
			isa = PBXGroup;
			children = (
				F0A267691BD0906C004BB71D /* GGRequest.h */,
				F0A2676A1BD0906C004BB71D /* GGRequest.m */,
				F0B3EF4E1BD0D69E00313C24 /* GGRequestManager.h */,
				F0B3EF4F1BD0D69E00313C24 /* GGRequestManager.m */,
				F0B3EF511BD0D6AD00313C24 /* GGRequestObserver.h */,
				F0B3EF521BD0D6AD00313C24 /* GGRequestObserver.m */,
			);
			path = Network;
			sourceTree = "<group>";
		};
		F0EAF14A1BCE205500B18B81 /* Unitil */ = {
			isa = PBXGroup;
			children = (
				F0A267681BD0906C004BB71D /* Network */,
				F07619781BD1D1F70097686B /* Libary */,
				F0EAF14B1BCE205500B18B81 /* DeviceInfo.h */,
				F0EAF14C1BCE205500B18B81 /* DeviceInfo.m */,
				F0F58FC91BDE29E300745E4C /* FMDBManager.h */,
				F0F58FCA1BDE29E300745E4C /* FMDBManager.m */,
				F0EAF14F1BCE205500B18B81 /* SvUDIDTools.h */,
				F0EAF1501BCE205500B18B81 /* SvUDIDTools.m */,
				F0EAF1511BCE205500B18B81 /* ZXUnitil.h */,
				F0EAF1521BCE205500B18B81 /* ZXUnitil.mm */,
				F076198B1BD1DA940097686B /* M3U8Tool.h */,
				F076198C1BD1DA940097686B /* M3U8Tool.m */,
			);
			path = Unitil;
			sourceTree = "<group>";
		};
		F0EAF1531BCE205500B18B81 /* ViewControllers */ = {
			isa = PBXGroup;
			children = (
				F0EAF1561BCE205500B18B81 /* MainTabBarController.h */,
				F0EAF1571BCE205500B18B81 /* MainTabBarController.m */,
				F0EAF1601BCE20F400B18B81 /* HomeVC */,
				F0EAF1581BCE205500B18B81 /* UserCenterVC */,
			);
			path = ViewControllers;
			sourceTree = "<group>";
		};
		F0EAF1581BCE205500B18B81 /* UserCenterVC */ = {
			isa = PBXGroup;
			children = (
				F0EAF1641BCE215B00B18B81 /* UserCenterController.h */,
				F0EAF1651BCE215B00B18B81 /* UserCenterController.m */,
			);
			path = UserCenterVC;
			sourceTree = "<group>";
		};
		F0EAF1601BCE20F400B18B81 /* HomeVC */ = {
			isa = PBXGroup;
			children = (
				F076198E1BD1E28D0097686B /* subVC */,
				F0EAF1611BCE213C00B18B81 /* HomeController.h */,
				F0EAF1621BCE213C00B18B81 /* HomeController.m */,
				F0D56B481BD3B616009CA293 /* AuthourData.geojson */,
			);
			path = HomeVC;
			sourceTree = "<group>";
		};
		F0EF55E61BCDEA680062ECE1 = {
			isa = PBXGroup;
			children = (
				F0EF55F11BCDEA680062ECE1 /* MyDota */,
				F0EF560E1BCDEA680062ECE1 /* MyDotaTests */,
				F0EF56191BCDEA680062ECE1 /* MyDotaUITests */,
				F0EF55F01BCDEA680062ECE1 /* Products */,
				F4EC7B3939B52429E5B504E0 /* Pods */,
				B6B8D3B2AB49C3C6DAD1352C /* Frameworks */,
			);
			sourceTree = "<group>";
		};
		F0EF55F01BCDEA680062ECE1 /* Products */ = {
			isa = PBXGroup;
			children = (
				F0EF55EF1BCDEA680062ECE1 /* MyDota.app */,
				F0EF560B1BCDEA680062ECE1 /* MyDotaTests.xctest */,
				F0EF56161BCDEA680062ECE1 /* MyDotaUITests.xctest */,
			);
			name = Products;
			sourceTree = "<group>";
		};
		F0EF55F11BCDEA680062ECE1 /* MyDota */ = {
			isa = PBXGroup;
			children = (
				F0EF55F51BCDEA680062ECE1 /* AppDelegate.h */,
				F0EF55F61BCDEA680062ECE1 /* AppDelegate.m */,
				F0EAF1671BCE22D400B18B81 /* MyDefines.h */,
				F009309A1BD37FD5005E3E3E /* Models */,
				F00EF21D1BCF8045009FEEB4 /* GGCommen */,
				F0EAF14A1BCE205500B18B81 /* Unitil */,
				F0EAF1531BCE205500B18B81 /* ViewControllers */,
				F0EF55FE1BCDEA680062ECE1 /* Main.storyboard */,
				F0EF56031BCDEA680062ECE1 /* LaunchScreen.storyboard */,
				F0EAF16A1BCE2B3200B18B81 /* Assets.xcassets */,
				F0EF56061BCDEA680062ECE1 /* Info.plist */,
				F0EF55F21BCDEA680062ECE1 /* Supporting Files */,
			);
			path = MyDota;
			sourceTree = "<group>";
		};
		F0EF55F21BCDEA680062ECE1 /* Supporting Files */ = {
			isa = PBXGroup;
			children = (
				F0EF55F31BCDEA680062ECE1 /* main.m */,
				F0EAF1691BCE237000B18B81 /* MyDota-Prefix.pch */,
			);
			name = "Supporting Files";
			sourceTree = "<group>";
		};
		F0EF560E1BCDEA680062ECE1 /* MyDotaTests */ = {
			isa = PBXGroup;
			children = (
				F0EF560F1BCDEA680062ECE1 /* MyDotaTests.m */,
				F0EF56111BCDEA680062ECE1 /* Info.plist */,
			);
			path = MyDotaTests;
			sourceTree = "<group>";
		};
		F0EF56191BCDEA680062ECE1 /* MyDotaUITests */ = {
			isa = PBXGroup;
			children = (
				F0EF561A1BCDEA680062ECE1 /* MyDotaUITests.m */,
				F0EF561C1BCDEA680062ECE1 /* Info.plist */,
			);
			path = MyDotaUITests;
			sourceTree = "<group>";
		};
		F4EC7B3939B52429E5B504E0 /* Pods */ = {
			isa = PBXGroup;
			children = (
				DA268A94AE4A824AC373461B /* Pods.debug.xcconfig */,
				D19AEA35F225D28540C4704D /* Pods.release.xcconfig */,
			);
			name = Pods;
			sourceTree = "<group>";
		};
/* End PBXGroup section */

/* Begin PBXNativeTarget section */
		F0EF55EE1BCDEA680062ECE1 /* MyDota */ = {
			isa = PBXNativeTarget;
			buildConfigurationList = F0EF561F1BCDEA680062ECE1 /* Build configuration list for PBXNativeTarget "MyDota" */;
			buildPhases = (
				BE425557CDBBB75A16F462DB /* Check Pods Manifest.lock */,
				F0EF55EB1BCDEA680062ECE1 /* Sources */,
				F0EF55EC1BCDEA680062ECE1 /* Frameworks */,
				F0EF55ED1BCDEA680062ECE1 /* Resources */,
				8822CEFEC624224F9EF087A7 /* Embed Pods Frameworks */,
				603D487087B53200049EB3AE /* Copy Pods Resources */,
			);
			buildRules = (
			);
			dependencies = (
			);
			name = MyDota;
			productName = MyDota;
			productReference = F0EF55EF1BCDEA680062ECE1 /* MyDota.app */;
			productType = "com.apple.product-type.application";
		};
		F0EF560A1BCDEA680062ECE1 /* MyDotaTests */ = {
			isa = PBXNativeTarget;
			buildConfigurationList = F0EF56221BCDEA680062ECE1 /* Build configuration list for PBXNativeTarget "MyDotaTests" */;
			buildPhases = (
				F0EF56071BCDEA680062ECE1 /* Sources */,
				F0EF56081BCDEA680062ECE1 /* Frameworks */,
				F0EF56091BCDEA680062ECE1 /* Resources */,
			);
			buildRules = (
			);
			dependencies = (
				F0EF560D1BCDEA680062ECE1 /* PBXTargetDependency */,
			);
			name = MyDotaTests;
			productName = MyDotaTests;
			productReference = F0EF560B1BCDEA680062ECE1 /* MyDotaTests.xctest */;
			productType = "com.apple.product-type.bundle.unit-test";
		};
		F0EF56151BCDEA680062ECE1 /* MyDotaUITests */ = {
			isa = PBXNativeTarget;
			buildConfigurationList = F0EF56251BCDEA680062ECE1 /* Build configuration list for PBXNativeTarget "MyDotaUITests" */;
			buildPhases = (
				F0EF56121BCDEA680062ECE1 /* Sources */,
				F0EF56131BCDEA680062ECE1 /* Frameworks */,
				F0EF56141BCDEA680062ECE1 /* Resources */,
			);
			buildRules = (
			);
			dependencies = (
				F0EF56181BCDEA680062ECE1 /* PBXTargetDependency */,
			);
			name = MyDotaUITests;
			productName = MyDotaUITests;
			productReference = F0EF56161BCDEA680062ECE1 /* MyDotaUITests.xctest */;
			productType = "com.apple.product-type.bundle.ui-testing";
		};
/* End PBXNativeTarget section */

/* Begin PBXProject section */
		F0EF55E71BCDEA680062ECE1 /* Project object */ = {
			isa = PBXProject;
			attributes = {
				LastUpgradeCheck = 0700;
				ORGANIZATIONNAME = iOGG;
				TargetAttributes = {
					F0EF55EE1BCDEA680062ECE1 = {
						CreatedOnToolsVersion = 7.0;
						DevelopmentTeam = BZ2BR27C6A;
					};
					F0EF560A1BCDEA680062ECE1 = {
						CreatedOnToolsVersion = 7.0;
						TestTargetID = F0EF55EE1BCDEA680062ECE1;
					};
					F0EF56151BCDEA680062ECE1 = {
						CreatedOnToolsVersion = 7.0;
						TestTargetID = F0EF55EE1BCDEA680062ECE1;
					};
				};
			};
			buildConfigurationList = F0EF55EA1BCDEA680062ECE1 /* Build configuration list for PBXProject "MyDota" */;
			compatibilityVersion = "Xcode 3.2";
			developmentRegion = English;
			hasScannedForEncodings = 0;
			knownRegions = (
				en,
				Base,
			);
			mainGroup = F0EF55E61BCDEA680062ECE1;
			productRefGroup = F0EF55F01BCDEA680062ECE1 /* Products */;
			projectDirPath = "";
			projectRoot = "";
			targets = (
				F0EF55EE1BCDEA680062ECE1 /* MyDota */,
				F0EF560A1BCDEA680062ECE1 /* MyDotaTests */,
				F0EF56151BCDEA680062ECE1 /* MyDotaUITests */,
			);
		};
/* End PBXProject section */

/* Begin PBXResourcesBuildPhase section */
		F0EF55ED1BCDEA680062ECE1 /* Resources */ = {
			isa = PBXResourcesBuildPhase;
			buildActionMask = 2147483647;
			files = (
				F0EF56051BCDEA680062ECE1 /* LaunchScreen.storyboard in Resources */,
				F0CF6C931BD77D3100DF8017 /* VideoListCell.xib in Resources */,
				F0EAF16B1BCE2B3200B18B81 /* Assets.xcassets in Resources */,
				F0EF56001BCDEA680062ECE1 /* Main.storyboard in Resources */,
				F0634E9D1BE0B5A3003F45ED /* read_me.txt in Resources */,
				F0D56B491BD3B616009CA293 /* AuthourData.geojson in Resources */,
			);
			runOnlyForDeploymentPostprocessing = 0;
		};
		F0EF56091BCDEA680062ECE1 /* Resources */ = {
			isa = PBXResourcesBuildPhase;
			buildActionMask = 2147483647;
			files = (
			);
			runOnlyForDeploymentPostprocessing = 0;
		};
		F0EF56141BCDEA680062ECE1 /* Resources */ = {
			isa = PBXResourcesBuildPhase;
			buildActionMask = 2147483647;
			files = (
			);
			runOnlyForDeploymentPostprocessing = 0;
		};
/* End PBXResourcesBuildPhase section */

/* Begin PBXShellScriptBuildPhase section */
		603D487087B53200049EB3AE /* Copy Pods Resources */ = {
			isa = PBXShellScriptBuildPhase;
			buildActionMask = 2147483647;
			files = (
			);
			inputPaths = (
			);
			name = "Copy Pods Resources";
			outputPaths = (
			);
			runOnlyForDeploymentPostprocessing = 0;
			shellPath = /bin/sh;
			shellScript = "\"${SRCROOT}/Pods/Target Support Files/Pods/Pods-resources.sh\"\n";
			showEnvVarsInLog = 0;
		};
		8822CEFEC624224F9EF087A7 /* Embed Pods Frameworks */ = {
			isa = PBXShellScriptBuildPhase;
			buildActionMask = 2147483647;
			files = (
			);
			inputPaths = (
			);
			name = "Embed Pods Frameworks";
			outputPaths = (
			);
			runOnlyForDeploymentPostprocessing = 0;
			shellPath = /bin/sh;
			shellScript = "\"${SRCROOT}/Pods/Target Support Files/Pods/Pods-frameworks.sh\"\n";
			showEnvVarsInLog = 0;
		};
		BE425557CDBBB75A16F462DB /* Check Pods Manifest.lock */ = {
			isa = PBXShellScriptBuildPhase;
			buildActionMask = 2147483647;
			files = (
			);
			inputPaths = (
			);
			name = "Check Pods Manifest.lock";
			outputPaths = (
			);
			runOnlyForDeploymentPostprocessing = 0;
			shellPath = /bin/sh;
			shellScript = "diff \"${PODS_ROOT}/../Podfile.lock\" \"${PODS_ROOT}/Manifest.lock\" > /dev/null\nif [[ $? != 0 ]] ; then\n    cat << EOM\nerror: The sandbox is not in sync with the Podfile.lock. Run 'pod install' or update your CocoaPods installation.\nEOM\n    exit 1\nfi\n";
			showEnvVarsInLog = 0;
		};
/* End PBXShellScriptBuildPhase section */

/* Begin PBXSourcesBuildPhase section */
		F0EF55EB1BCDEA680062ECE1 /* Sources */ = {
			isa = PBXSourcesBuildPhase;
			buildActionMask = 2147483647;
			files = (
				F021BDBD1BD34407001429CC /* AuthorVideoListController.m in Sources */,
				F0EAF15A1BCE205500B18B81 /* DeviceInfo.m in Sources */,
				F0EF55F71BCDEA680062ECE1 /* AppDelegate.m in Sources */,
				F0634EBB1BE0BAE5003F45ED /* WXMediaMessage+messageConstruct.m in Sources */,
				F0CF6C8B1BD777FB00DF8017 /* SearchViewController.m in Sources */,
				F0966F141BD202B2000A512F /* VideoViewController.m in Sources */,
				F07619881BD1D1F70097686B /* M3U8SegmentInfoList.m in Sources */,
				F00EF2201BCF8045009FEEB4 /* BaseViewController.m in Sources */,
				F0F58FCB1BDE29E300745E4C /* FMDBManager.m in Sources */,
				F00930AC1BD37FD5005E3E3E /* UserModel.m in Sources */,
				F0634EAD1BE0B94A003F45ED /* WXApiResponseHandler.m in Sources */,
				F0B3EF531BD0D6AD00313C24 /* GGRequestObserver.m in Sources */,
				F0634EB91BE0BAE5003F45ED /* GetMessageFromWXResp+responseWithTextOrMediaMessage.m in Sources */,
				F07619891BD1D1F70097686B /* NSString+m3u8.m in Sources */,
				F0634EBA1BE0BAE5003F45ED /* SendMessageToWXReq+requestWithTextOrMediaMessage.m in Sources */,
				F00EF2231BCF806A009FEEB4 /* GGNavigationBar.m in Sources */,
				F0D56B4C1BD3E5FB009CA293 /* VideoListController.m in Sources */,
				F076198D1BD1DA940097686B /* M3U8Tool.m in Sources */,
				F07619861BD1D1F70097686B /* M3U8Parser.m in Sources */,
				F0EAF15D1BCE205600B18B81 /* ZXUnitil.mm in Sources */,
				F0CF6C8E1BD77C5600DF8017 /* VideoListBaseController.m in Sources */,
				F0EAF1661BCE215B00B18B81 /* UserCenterController.m in Sources */,
				F07619871BD1D1F70097686B /* M3U8SegmentInfo.m in Sources */,
				F00930AB1BD37FD5005E3E3E /* MTModel+GGRequest.m in Sources */,
				F0B3EF501BD0D69E00313C24 /* GGRequestManager.m in Sources */,
				F00930AE1BD37FD5005E3E3E /* VideoModel.m in Sources */,
				F0634EAC1BE0B94A003F45ED /* WXApiRequestHandler.m in Sources */,
				F076198A1BD1D1F70097686B /* NSURL+m3u8.m in Sources */,
				F00930AD1BD37FD5005E3E3E /* VideoListModel.m in Sources */,
				F0EAF15C1BCE205500B18B81 /* SvUDIDTools.m in Sources */,
				F0EAF15F1BCE205600B18B81 /* MainTabBarController.m in Sources */,
				F0634EB01BE0B9AF003F45ED /* WXApiManager.m in Sources */,
				F0A2676E1BD09F20004BB71D /* BaseViewController+NaviView.m in Sources */,
				F0A2676B1BD0906C004BB71D /* GGRequest.m in Sources */,
				F0CF6C921BD77D3100DF8017 /* VideoListCell.m in Sources */,
				F0CF6C991BD783B600DF8017 /* BaseViewController+GGRequest.m in Sources */,
				F0EAF1631BCE213C00B18B81 /* HomeController.m in Sources */,
				F0EF55F41BCDEA680062ECE1 /* main.m in Sources */,
			);
			runOnlyForDeploymentPostprocessing = 0;
		};
		F0EF56071BCDEA680062ECE1 /* Sources */ = {
			isa = PBXSourcesBuildPhase;
			buildActionMask = 2147483647;
			files = (
				F0EF56101BCDEA680062ECE1 /* MyDotaTests.m in Sources */,
			);
			runOnlyForDeploymentPostprocessing = 0;
		};
		F0EF56121BCDEA680062ECE1 /* Sources */ = {
			isa = PBXSourcesBuildPhase;
			buildActionMask = 2147483647;
			files = (
				F0EF561B1BCDEA680062ECE1 /* MyDotaUITests.m in Sources */,
			);
			runOnlyForDeploymentPostprocessing = 0;
		};
/* End PBXSourcesBuildPhase section */

/* Begin PBXTargetDependency section */
		F0EF560D1BCDEA680062ECE1 /* PBXTargetDependency */ = {
			isa = PBXTargetDependency;
			target = F0EF55EE1BCDEA680062ECE1 /* MyDota */;
			targetProxy = F0EF560C1BCDEA680062ECE1 /* PBXContainerItemProxy */;
		};
		F0EF56181BCDEA680062ECE1 /* PBXTargetDependency */ = {
			isa = PBXTargetDependency;
			target = F0EF55EE1BCDEA680062ECE1 /* MyDota */;
			targetProxy = F0EF56171BCDEA680062ECE1 /* PBXContainerItemProxy */;
		};
/* End PBXTargetDependency section */

/* Begin PBXVariantGroup section */
		F0EF55FE1BCDEA680062ECE1 /* Main.storyboard */ = {
			isa = PBXVariantGroup;
			children = (
				F0EF55FF1BCDEA680062ECE1 /* Base */,
			);
			name = Main.storyboard;
			sourceTree = "<group>";
		};
		F0EF56031BCDEA680062ECE1 /* LaunchScreen.storyboard */ = {
			isa = PBXVariantGroup;
			children = (
				F0EF56041BCDEA680062ECE1 /* Base */,
			);
			name = LaunchScreen.storyboard;
			sourceTree = "<group>";
		};
/* End PBXVariantGroup section */

/* Begin XCBuildConfiguration section */
		F0EF561D1BCDEA680062ECE1 /* Debug */ = {
			isa = XCBuildConfiguration;
			buildSettings = {
				ALWAYS_SEARCH_USER_PATHS = NO;
				CLANG_CXX_LANGUAGE_STANDARD = "gnu++0x";
				CLANG_CXX_LIBRARY = "libc++";
				CLANG_ENABLE_MODULES = YES;
				CLANG_ENABLE_OBJC_ARC = YES;
				CLANG_WARN_BOOL_CONVERSION = YES;
				CLANG_WARN_CONSTANT_CONVERSION = YES;
				CLANG_WARN_DIRECT_OBJC_ISA_USAGE = YES_ERROR;
				CLANG_WARN_EMPTY_BODY = YES;
				CLANG_WARN_ENUM_CONVERSION = YES;
				CLANG_WARN_INT_CONVERSION = YES;
				CLANG_WARN_OBJC_ROOT_CLASS = YES_ERROR;
				CLANG_WARN_UNREACHABLE_CODE = YES;
				CLANG_WARN__DUPLICATE_METHOD_MATCH = YES;
				"CODE_SIGN_IDENTITY[sdk=iphoneos*]" = "iPhone Developer";
				COPY_PHASE_STRIP = NO;
				DEBUG_INFORMATION_FORMAT = dwarf;
				ENABLE_STRICT_OBJC_MSGSEND = YES;
				ENABLE_TESTABILITY = YES;
				GCC_C_LANGUAGE_STANDARD = gnu99;
				GCC_DYNAMIC_NO_PIC = NO;
				GCC_NO_COMMON_BLOCKS = YES;
				GCC_OPTIMIZATION_LEVEL = 0;
				GCC_PREPROCESSOR_DEFINITIONS = (
					"DEBUG=1",
					"$(inherited)",
				);
				GCC_WARN_64_TO_32_BIT_CONVERSION = YES;
				GCC_WARN_ABOUT_RETURN_TYPE = YES_ERROR;
				GCC_WARN_UNDECLARED_SELECTOR = YES;
				GCC_WARN_UNINITIALIZED_AUTOS = YES_AGGRESSIVE;
				GCC_WARN_UNUSED_FUNCTION = YES;
				GCC_WARN_UNUSED_VARIABLE = YES;
				IPHONEOS_DEPLOYMENT_TARGET = 9.0;
				MTL_ENABLE_DEBUG_INFO = YES;
				ONLY_ACTIVE_ARCH = YES;
				SDKROOT = iphoneos;
			};
			name = Debug;
		};
		F0EF561E1BCDEA680062ECE1 /* Release */ = {
			isa = XCBuildConfiguration;
			buildSettings = {
				ALWAYS_SEARCH_USER_PATHS = NO;
				CLANG_CXX_LANGUAGE_STANDARD = "gnu++0x";
				CLANG_CXX_LIBRARY = "libc++";
				CLANG_ENABLE_MODULES = YES;
				CLANG_ENABLE_OBJC_ARC = YES;
				CLANG_WARN_BOOL_CONVERSION = YES;
				CLANG_WARN_CONSTANT_CONVERSION = YES;
				CLANG_WARN_DIRECT_OBJC_ISA_USAGE = YES_ERROR;
				CLANG_WARN_EMPTY_BODY = YES;
				CLANG_WARN_ENUM_CONVERSION = YES;
				CLANG_WARN_INT_CONVERSION = YES;
				CLANG_WARN_OBJC_ROOT_CLASS = YES_ERROR;
				CLANG_WARN_UNREACHABLE_CODE = YES;
				CLANG_WARN__DUPLICATE_METHOD_MATCH = YES;
				"CODE_SIGN_IDENTITY[sdk=iphoneos*]" = "iPhone Developer";
				COPY_PHASE_STRIP = NO;
				DEBUG_INFORMATION_FORMAT = "dwarf-with-dsym";
				ENABLE_NS_ASSERTIONS = NO;
				ENABLE_STRICT_OBJC_MSGSEND = YES;
				GCC_C_LANGUAGE_STANDARD = gnu99;
				GCC_NO_COMMON_BLOCKS = YES;
				GCC_WARN_64_TO_32_BIT_CONVERSION = YES;
				GCC_WARN_ABOUT_RETURN_TYPE = YES_ERROR;
				GCC_WARN_UNDECLARED_SELECTOR = YES;
				GCC_WARN_UNINITIALIZED_AUTOS = YES_AGGRESSIVE;
				GCC_WARN_UNUSED_FUNCTION = YES;
				GCC_WARN_UNUSED_VARIABLE = YES;
				IPHONEOS_DEPLOYMENT_TARGET = 9.0;
				MTL_ENABLE_DEBUG_INFO = NO;
				SDKROOT = iphoneos;
				VALIDATE_PRODUCT = YES;
			};
			name = Release;
		};
		F0EF56201BCDEA680062ECE1 /* Debug */ = {
			isa = XCBuildConfiguration;
			baseConfigurationReference = DA268A94AE4A824AC373461B /* Pods.debug.xcconfig */;
			buildSettings = {
				ASSETCATALOG_COMPILER_APPICON_NAME = AppIcon;
				CODE_SIGN_IDENTITY = "iPhone Developer";
				GCC_PREFIX_HEADER = "$(SRCROOT)/MyDota/MyDota-Prefix.pch";
				INFOPLIST_FILE = MyDota/Info.plist;
				IPHONEOS_DEPLOYMENT_TARGET = 7.0;
				LD_RUNPATH_SEARCH_PATHS = "$(inherited) @executable_path/Frameworks";
				LIBRARY_SEARCH_PATHS = (
					"$(inherited)",
					"$(PROJECT_DIR)/MyDota/Unitil/Libary/weChat",
				);
				PRODUCT_BUNDLE_IDENTIFIER = com.simplan.MyDota;
				PRODUCT_NAME = "$(TARGET_NAME)";
				USER_HEADER_SEARCH_PATHS = "$(PODS_ROOT)";
			};
			name = Debug;
		};
		F0EF56211BCDEA680062ECE1 /* Release */ = {
			isa = XCBuildConfiguration;
			baseConfigurationReference = D19AEA35F225D28540C4704D /* Pods.release.xcconfig */;
			buildSettings = {
				ASSETCATALOG_COMPILER_APPICON_NAME = AppIcon;
				CODE_SIGN_IDENTITY = "iPhone Developer";
				GCC_PREFIX_HEADER = "$(SRCROOT)/MyDota/MyDota-Prefix.pch";
				INFOPLIST_FILE = MyDota/Info.plist;
				IPHONEOS_DEPLOYMENT_TARGET = 7.0;
				LD_RUNPATH_SEARCH_PATHS = "$(inherited) @executable_path/Frameworks";
				LIBRARY_SEARCH_PATHS = (
					"$(inherited)",
					"$(PROJECT_DIR)/MyDota/Unitil/Libary/weChat",
				);
				PRODUCT_BUNDLE_IDENTIFIER = com.simplan.MyDota;
				PRODUCT_NAME = "$(TARGET_NAME)";
				USER_HEADER_SEARCH_PATHS = "$(PODS_ROOT)";
			};
			name = Release;
		};
		F0EF56231BCDEA680062ECE1 /* Debug */ = {
			isa = XCBuildConfiguration;
			buildSettings = {
				BUNDLE_LOADER = "$(TEST_HOST)";
				INFOPLIST_FILE = MyDotaTests/Info.plist;
				LD_RUNPATH_SEARCH_PATHS = "$(inherited) @executable_path/Frameworks @loader_path/Frameworks";
				PRODUCT_BUNDLE_IDENTIFIER = me.iogg.MyDotaTests;
				PRODUCT_NAME = "$(TARGET_NAME)";
				TEST_HOST = "$(BUILT_PRODUCTS_DIR)/MyDota.app/MyDota";
			};
			name = Debug;
		};
		F0EF56241BCDEA680062ECE1 /* Release */ = {
			isa = XCBuildConfiguration;
			buildSettings = {
				BUNDLE_LOADER = "$(TEST_HOST)";
				INFOPLIST_FILE = MyDotaTests/Info.plist;
				LD_RUNPATH_SEARCH_PATHS = "$(inherited) @executable_path/Frameworks @loader_path/Frameworks";
				PRODUCT_BUNDLE_IDENTIFIER = me.iogg.MyDotaTests;
				PRODUCT_NAME = "$(TARGET_NAME)";
				TEST_HOST = "$(BUILT_PRODUCTS_DIR)/MyDota.app/MyDota";
			};
			name = Release;
		};
		F0EF56261BCDEA680062ECE1 /* Debug */ = {
			isa = XCBuildConfiguration;
			buildSettings = {
				INFOPLIST_FILE = MyDotaUITests/Info.plist;
				LD_RUNPATH_SEARCH_PATHS = "$(inherited) @executable_path/Frameworks @loader_path/Frameworks";
				PRODUCT_BUNDLE_IDENTIFIER = me.iogg.MyDotaUITests;
				PRODUCT_NAME = "$(TARGET_NAME)";
				TEST_TARGET_NAME = MyDota;
				USES_XCTRUNNER = YES;
			};
			name = Debug;
		};
		F0EF56271BCDEA680062ECE1 /* Release */ = {
			isa = XCBuildConfiguration;
			buildSettings = {
				INFOPLIST_FILE = MyDotaUITests/Info.plist;
				LD_RUNPATH_SEARCH_PATHS = "$(inherited) @executable_path/Frameworks @loader_path/Frameworks";
				PRODUCT_BUNDLE_IDENTIFIER = me.iogg.MyDotaUITests;
				PRODUCT_NAME = "$(TARGET_NAME)";
				TEST_TARGET_NAME = MyDota;
				USES_XCTRUNNER = YES;
			};
			name = Release;
		};
/* End XCBuildConfiguration section */

/* Begin XCConfigurationList section */
		F0EF55EA1BCDEA680062ECE1 /* Build configuration list for PBXProject "MyDota" */ = {
			isa = XCConfigurationList;
			buildConfigurations = (
				F0EF561D1BCDEA680062ECE1 /* Debug */,
				F0EF561E1BCDEA680062ECE1 /* Release */,
			);
			defaultConfigurationIsVisible = 0;
			defaultConfigurationName = Release;
		};
		F0EF561F1BCDEA680062ECE1 /* Build configuration list for PBXNativeTarget "MyDota" */ = {
			isa = XCConfigurationList;
			buildConfigurations = (
				F0EF56201BCDEA680062ECE1 /* Debug */,
				F0EF56211BCDEA680062ECE1 /* Release */,
			);
			defaultConfigurationIsVisible = 0;
			defaultConfigurationName = Release;
		};
		F0EF56221BCDEA680062ECE1 /* Build configuration list for PBXNativeTarget "MyDotaTests" */ = {
			isa = XCConfigurationList;
			buildConfigurations = (
				F0EF56231BCDEA680062ECE1 /* Debug */,
				F0EF56241BCDEA680062ECE1 /* Release */,
			);
			defaultConfigurationIsVisible = 0;
			defaultConfigurationName = Release;
		};
		F0EF56251BCDEA680062ECE1 /* Build configuration list for PBXNativeTarget "MyDotaUITests" */ = {
			isa = XCConfigurationList;
			buildConfigurations = (
				F0EF56261BCDEA680062ECE1 /* Debug */,
				F0EF56271BCDEA680062ECE1 /* Release */,
			);
			defaultConfigurationIsVisible = 0;
			defaultConfigurationName = Release;
		};
/* End XCConfigurationList section */
	};
	rootObject = F0EF55E71BCDEA680062ECE1 /* Project object */;
}
