// !$*UTF8*$!
{
	archiveVersion = 1;
	classes = {
	};
	objectVersion = 46;
	objects = {

/* Begin PBXBuildFile section */
		571BE7171A206BBB00CF4D82 /* ScoreData.m in Sources */ = {isa = PBXBuildFile; fileRef = 571BE7161A206BBB00CF4D82 /* ScoreData.m */; };
		571BE71B1A208B3F00CF4D82 /* ScoreDetialViewController.m in Sources */ = {isa = PBXBuildFile; fileRef = 571BE7191A208B3F00CF4D82 /* ScoreDetialViewController.m */; };
		571BE71C1A208B3F00CF4D82 /* ScoreDetialViewController.xib in Resources */ = {isa = PBXBuildFile; fileRef = 571BE71A1A208B3F00CF4D82 /* ScoreDetialViewController.xib */; };
		571BE7211A20932F00CF4D82 /* TTTableViewController.m in Sources */ = {isa = PBXBuildFile; fileRef = 571BE71F1A20932F00CF4D82 /* TTTableViewController.m */; };
		571BE7221A20932F00CF4D82 /* TTTableViewController.xib in Resources */ = {isa = PBXBuildFile; fileRef = 571BE7201A20932F00CF4D82 /* TTTableViewController.xib */; };
		571BE7261A20934800CF4D82 /* MJTableViewController.m in Sources */ = {isa = PBXBuildFile; fileRef = 571BE7241A20934800CF4D82 /* MJTableViewController.m */; };
		571BE7271A20934800CF4D82 /* MJTableViewController.xib in Resources */ = {isa = PBXBuildFile; fileRef = 571BE7251A20934800CF4D82 /* MJTableViewController.xib */; };
		571BE72B1A20935D00CF4D82 /* JJCTableViewController.m in Sources */ = {isa = PBXBuildFile; fileRef = 571BE7291A20935D00CF4D82 /* JJCTableViewController.m */; };
		571BE72C1A20935D00CF4D82 /* JJCTableViewController.xib in Resources */ = {isa = PBXBuildFile; fileRef = 571BE72A1A20935D00CF4D82 /* JJCTableViewController.xib */; };
		5749065319336FD0003148E4 /* ASIAuthenticationDialog.m in Sources */ = {isa = PBXBuildFile; fileRef = 5749063E19336FD0003148E4 /* ASIAuthenticationDialog.m */; settings = {COMPILER_FLAGS = "-fno-objc-arc"; }; };
		5749065419336FD0003148E4 /* ASIDataCompressor.m in Sources */ = {isa = PBXBuildFile; fileRef = 5749064119336FD0003148E4 /* ASIDataCompressor.m */; settings = {COMPILER_FLAGS = "-fno-objc-arc"; }; };
		5749065519336FD0003148E4 /* ASIDataDecompressor.m in Sources */ = {isa = PBXBuildFile; fileRef = 5749064319336FD0003148E4 /* ASIDataDecompressor.m */; settings = {COMPILER_FLAGS = "-fno-objc-arc"; }; };
		5749065619336FD0003148E4 /* ASIDownloadCache.m in Sources */ = {isa = PBXBuildFile; fileRef = 5749064519336FD0003148E4 /* ASIDownloadCache.m */; settings = {COMPILER_FLAGS = "-fno-objc-arc"; }; };
		5749065719336FD0003148E4 /* ASIFormDataRequest.m in Sources */ = {isa = PBXBuildFile; fileRef = 5749064719336FD0003148E4 /* ASIFormDataRequest.m */; settings = {COMPILER_FLAGS = "-fno-objc-arc"; }; };
		5749065819336FD0003148E4 /* ASIHTTPRequest.m in Sources */ = {isa = PBXBuildFile; fileRef = 5749064919336FD0003148E4 /* ASIHTTPRequest.m */; settings = {COMPILER_FLAGS = "-fno-objc-arc"; }; };
		5749065919336FD0003148E4 /* ASIInputStream.m in Sources */ = {isa = PBXBuildFile; fileRef = 5749064D19336FD0003148E4 /* ASIInputStream.m */; settings = {COMPILER_FLAGS = "-fno-objc-arc"; }; };
		5749065A19336FD0003148E4 /* ASINetworkQueue.m in Sources */ = {isa = PBXBuildFile; fileRef = 5749064F19336FD0003148E4 /* ASINetworkQueue.m */; settings = {COMPILER_FLAGS = "-fno-objc-arc"; }; };
		5749065B19336FD0003148E4 /* PKReachability.m in Sources */ = {isa = PBXBuildFile; fileRef = 5749065219336FD0003148E4 /* PKReachability.m */; settings = {COMPILER_FLAGS = "-fno-objc-arc"; }; };
		5749065E19337E78003148E4 /* MyXmlPraser.m in Sources */ = {isa = PBXBuildFile; fileRef = 5749065D19337E78003148E4 /* MyXmlPraser.m */; };
		57490661193389D1003148E4 /* MyXmlData.m in Sources */ = {isa = PBXBuildFile; fileRef = 57490660193389D1003148E4 /* MyXmlData.m */; };
		5749066419338F39003148E4 /* SystemConfiguration.framework in Frameworks */ = {isa = PBXBuildFile; fileRef = 5749066319338F39003148E4 /* SystemConfiguration.framework */; };
		5749066619338F45003148E4 /* MobileCoreServices.framework in Frameworks */ = {isa = PBXBuildFile; fileRef = 5749066519338F45003148E4 /* MobileCoreServices.framework */; };
		5749066819338F4E003148E4 /* CFNetwork.framework in Frameworks */ = {isa = PBXBuildFile; fileRef = 5749066719338F4E003148E4 /* CFNetwork.framework */; };
		5749066B19338F73003148E4 /* libz.1.2.5.dylib in Frameworks */ = {isa = PBXBuildFile; fileRef = 5749066A19338F73003148E4 /* libz.1.2.5.dylib */; };
		574EC2D81942B924003F986A /* SCGIFImageView.m in Sources */ = {isa = PBXBuildFile; fileRef = 574EC2D71942B924003F986A /* SCGIFImageView.m */; settings = {COMPILER_FLAGS = "-fno-objc-arc"; }; };
		574EC2DA1942B95B003F986A /* sf.gif in Resources */ = {isa = PBXBuildFile; fileRef = 574EC2D91942B95B003F986A /* sf.gif */; };
		574EC2DD1942B9DC003F986A /* MyLoadingView.m in Sources */ = {isa = PBXBuildFile; fileRef = 574EC2DC1942B9DC003F986A /* MyLoadingView.m */; };
		576DC4C81934F36100D0A13D /* VideoViewController.m in Sources */ = {isa = PBXBuildFile; fileRef = 576DC4C71934F36100D0A13D /* VideoViewController.m */; };
		57722FDB1940CAF100CA5267 /* libMobClickLibrary.a in Frameworks */ = {isa = PBXBuildFile; fileRef = 57722FD91940CAF100CA5267 /* libMobClickLibrary.a */; };
		57722FE61940D78600CA5267 /* DomobAdSDKBundle.bundle in Resources */ = {isa = PBXBuildFile; fileRef = 57722FE41940D78600CA5267 /* DomobAdSDKBundle.bundle */; };
		57722FE71940D78600CA5267 /* libDomobAdSDK.a in Frameworks */ = {isa = PBXBuildFile; fileRef = 57722FE51940D78600CA5267 /* libDomobAdSDK.a */; };
		57722FE91940DA1600CA5267 /* libsqlite3.dylib in Frameworks */ = {isa = PBXBuildFile; fileRef = 57722FE81940DA1600CA5267 /* libsqlite3.dylib */; };
		57722FEB1940DA2500CA5267 /* CoreMedia.framework in Frameworks */ = {isa = PBXBuildFile; fileRef = 57722FEA1940DA2500CA5267 /* CoreMedia.framework */; };
		57722FED1940DA3000CA5267 /* MediaPlayer.framework in Frameworks */ = {isa = PBXBuildFile; fileRef = 57722FEC1940DA3000CA5267 /* MediaPlayer.framework */; };
		57722FEF1940DA4100CA5267 /* QuartzCore.framework in Frameworks */ = {isa = PBXBuildFile; fileRef = 57722FEE1940DA4100CA5267 /* QuartzCore.framework */; };
		57722FF11940DA4F00CA5267 /* CoreText.framework in Frameworks */ = {isa = PBXBuildFile; fileRef = 57722FF01940DA4F00CA5267 /* CoreText.framework */; };
		57722FF31940DA6200CA5267 /* StoreKit.framework in Frameworks */ = {isa = PBXBuildFile; fileRef = 57722FF21940DA6200CA5267 /* StoreKit.framework */; };
		57722FF51940DA7000CA5267 /* PassKit.framework in Frameworks */ = {isa = PBXBuildFile; fileRef = 57722FF41940DA7000CA5267 /* PassKit.framework */; };
		57722FF71940DA7C00CA5267 /* Social.framework in Frameworks */ = {isa = PBXBuildFile; fileRef = 57722FF61940DA7C00CA5267 /* Social.framework */; };
		57722FF91940DA8600CA5267 /* EventKit.framework in Frameworks */ = {isa = PBXBuildFile; fileRef = 57722FF81940DA8600CA5267 /* EventKit.framework */; };
		57722FFB1940DA8E00CA5267 /* AVFoundation.framework in Frameworks */ = {isa = PBXBuildFile; fileRef = 57722FFA1940DA8E00CA5267 /* AVFoundation.framework */; };
		57722FFD1940DA9800CA5267 /* AudioToolbox.framework in Frameworks */ = {isa = PBXBuildFile; fileRef = 57722FFC1940DA9800CA5267 /* AudioToolbox.framework */; };
		57A05DAC1A047FBF00D5060B /* dota.html in Resources */ = {isa = PBXBuildFile; fileRef = 57A05DAB1A047FBF00D5060B /* dota.html */; };
		57A05DB01A048A6C00D5060B /* agility.gif in Resources */ = {isa = PBXBuildFile; fileRef = 57A05DAD1A048A6C00D5060B /* agility.gif */; };
		57A05DB11A048A6C00D5060B /* intelligence.gif in Resources */ = {isa = PBXBuildFile; fileRef = 57A05DAE1A048A6C00D5060B /* intelligence.gif */; };
		57A05DB21A048A6C00D5060B /* strength.gif in Resources */ = {isa = PBXBuildFile; fileRef = 57A05DAF1A048A6C00D5060B /* strength.gif */; };
		57A05DB51A04996900D5060B /* HeroBarView.m in Sources */ = {isa = PBXBuildFile; fileRef = 57A05DB41A04996900D5060B /* HeroBarView.m */; };
		57A05DBB1A04DD8400D5060B /* rss.xml in Resources */ = {isa = PBXBuildFile; fileRef = 57A05DBA1A04DD8400D5060B /* rss.xml */; };
		57A05E0E1A051DFE00D5060B /* new_file.html in Resources */ = {isa = PBXBuildFile; fileRef = 57A05E0D1A051DFE00D5060B /* new_file.html */; };
		57A7362A191140EB00DF2B97 /* HomeViewController.m in Sources */ = {isa = PBXBuildFile; fileRef = 57A73628191140EB00DF2B97 /* HomeViewController.m */; };
		57A7362B191140EB00DF2B97 /* HomeViewController.xib in Resources */ = {isa = PBXBuildFile; fileRef = 57A73629191140EB00DF2B97 /* HomeViewController.xib */; };
		57A850BC190004980062932C /* Foundation.framework in Frameworks */ = {isa = PBXBuildFile; fileRef = 57A850BB190004980062932C /* Foundation.framework */; };
		57A850BE190004980062932C /* CoreGraphics.framework in Frameworks */ = {isa = PBXBuildFile; fileRef = 57A850BD190004980062932C /* CoreGraphics.framework */; };
		57A850C0190004980062932C /* UIKit.framework in Frameworks */ = {isa = PBXBuildFile; fileRef = 57A850BF190004980062932C /* UIKit.framework */; };
		57A850C6190004980062932C /* InfoPlist.strings in Resources */ = {isa = PBXBuildFile; fileRef = 57A850C4190004980062932C /* InfoPlist.strings */; };
		57A850C8190004980062932C /* main.m in Sources */ = {isa = PBXBuildFile; fileRef = 57A850C7190004980062932C /* main.m */; };
		57A850CC190004980062932C /* AppDelegate.m in Sources */ = {isa = PBXBuildFile; fileRef = 57A850CB190004980062932C /* AppDelegate.m */; };
		57A850CF190004980062932C /* Main_iPhone.storyboard in Resources */ = {isa = PBXBuildFile; fileRef = 57A850CD190004980062932C /* Main_iPhone.storyboard */; };
		57A850D2190004980062932C /* Main_iPad.storyboard in Resources */ = {isa = PBXBuildFile; fileRef = 57A850D0190004980062932C /* Main_iPad.storyboard */; };
		57A850D5190004980062932C /* ViewController.m in Sources */ = {isa = PBXBuildFile; fileRef = 57A850D4190004980062932C /* ViewController.m */; };
		57A850D7190004980062932C /* Images.xcassets in Resources */ = {isa = PBXBuildFile; fileRef = 57A850D6190004980062932C /* Images.xcassets */; };
		57A850DE190004980062932C /* XCTest.framework in Frameworks */ = {isa = PBXBuildFile; fileRef = 57A850DD190004980062932C /* XCTest.framework */; };
		57A850DF190004980062932C /* Foundation.framework in Frameworks */ = {isa = PBXBuildFile; fileRef = 57A850BB190004980062932C /* Foundation.framework */; };
		57A850E0190004980062932C /* UIKit.framework in Frameworks */ = {isa = PBXBuildFile; fileRef = 57A850BF190004980062932C /* UIKit.framework */; };
		57A850E8190004980062932C /* InfoPlist.strings in Resources */ = {isa = PBXBuildFile; fileRef = 57A850E6190004980062932C /* InfoPlist.strings */; };
		57A850EA190004980062932C /* MyDotaTests.m in Sources */ = {isa = PBXBuildFile; fileRef = 57A850E9190004980062932C /* MyDotaTests.m */; };
		57B124F61A0B9E1D00354904 /* ScoreViewController.m in Sources */ = {isa = PBXBuildFile; fileRef = 57B124F41A0B9E1D00354904 /* ScoreViewController.m */; };
		57B124F71A0B9E1D00354904 /* ScoreViewController.xib in Resources */ = {isa = PBXBuildFile; fileRef = 57B124F51A0B9E1D00354904 /* ScoreViewController.xib */; };
		57B1F96B19474ACF0083B65F /* MJRefresh.bundle in Resources */ = {isa = PBXBuildFile; fileRef = 57B1F95B19474ACF0083B65F /* MJRefresh.bundle */; };
		57B1F96C19474ACF0083B65F /* MJRefreshBaseView.m in Sources */ = {isa = PBXBuildFile; fileRef = 57B1F95E19474ACF0083B65F /* MJRefreshBaseView.m */; };
		57B1F96D19474ACF0083B65F /* MJRefreshConst.m in Sources */ = {isa = PBXBuildFile; fileRef = 57B1F96019474ACF0083B65F /* MJRefreshConst.m */; };
		57B1F96E19474ACF0083B65F /* MJRefreshFooterView.m in Sources */ = {isa = PBXBuildFile; fileRef = 57B1F96219474ACF0083B65F /* MJRefreshFooterView.m */; };
		57B1F96F19474ACF0083B65F /* MJRefreshHeaderView.m in Sources */ = {isa = PBXBuildFile; fileRef = 57B1F96419474ACF0083B65F /* MJRefreshHeaderView.m */; };
		57B1F97019474ACF0083B65F /* UIScrollView+Extension.m in Sources */ = {isa = PBXBuildFile; fileRef = 57B1F96619474ACF0083B65F /* UIScrollView+Extension.m */; };
		57B1F97119474ACF0083B65F /* UIScrollView+MJRefresh.m in Sources */ = {isa = PBXBuildFile; fileRef = 57B1F96819474ACF0083B65F /* UIScrollView+MJRefresh.m */; };
		57B1F97219474ACF0083B65F /* UIView+Extension.m in Sources */ = {isa = PBXBuildFile; fileRef = 57B1F96A19474ACF0083B65F /* UIView+Extension.m */; };
		57F4FBFD1949E88200DDF40D /* HTMLNode.m in Sources */ = {isa = PBXBuildFile; fileRef = 57F4FBFA1949E88200DDF40D /* HTMLNode.m */; };
		57F4FBFE1949E88200DDF40D /* HTMLParser.m in Sources */ = {isa = PBXBuildFile; fileRef = 57F4FBFC1949E88200DDF40D /* HTMLParser.m */; };
		57F4FC031949EAFE00DDF40D /* HeroViewController.m in Sources */ = {isa = PBXBuildFile; fileRef = 57F4FC011949EAFE00DDF40D /* HeroViewController.m */; };
		57F4FC041949EAFE00DDF40D /* HeroViewController.xib in Resources */ = {isa = PBXBuildFile; fileRef = 57F4FC021949EAFE00DDF40D /* HeroViewController.xib */; };
		57F4FC0A1949EE2300DDF40D /* libxml2.2.dylib in Frameworks */ = {isa = PBXBuildFile; fileRef = 57F4FC091949EE2300DDF40D /* libxml2.2.dylib */; };
		57F4FC0D1949F26400DDF40D /* DotaHeroBar.m in Sources */ = {isa = PBXBuildFile; fileRef = 57F4FC0C1949F26400DDF40D /* DotaHeroBar.m */; };
/* End PBXBuildFile section */

/* Begin PBXContainerItemProxy section */
		57A850E1190004980062932C /* PBXContainerItemProxy */ = {
			isa = PBXContainerItemProxy;
			containerPortal = 57A850B0190004980062932C /* Project object */;
			proxyType = 1;
			remoteGlobalIDString = 57A850B7190004980062932C;
			remoteInfo = MyDota;
		};
/* End PBXContainerItemProxy section */

/* Begin PBXFileReference section */
		571BE7151A206BBB00CF4D82 /* ScoreData.h */ = {isa = PBXFileReference; fileEncoding = 4; lastKnownFileType = sourcecode.c.h; path = ScoreData.h; sourceTree = "<group>"; };
		571BE7161A206BBB00CF4D82 /* ScoreData.m */ = {isa = PBXFileReference; fileEncoding = 4; lastKnownFileType = sourcecode.c.objc; path = ScoreData.m; sourceTree = "<group>"; };
		571BE7181A208B3F00CF4D82 /* ScoreDetialViewController.h */ = {isa = PBXFileReference; fileEncoding = 4; lastKnownFileType = sourcecode.c.h; path = ScoreDetialViewController.h; sourceTree = "<group>"; };
		571BE7191A208B3F00CF4D82 /* ScoreDetialViewController.m */ = {isa = PBXFileReference; fileEncoding = 4; lastKnownFileType = sourcecode.c.objc; path = ScoreDetialViewController.m; sourceTree = "<group>"; };
		571BE71A1A208B3F00CF4D82 /* ScoreDetialViewController.xib */ = {isa = PBXFileReference; fileEncoding = 4; lastKnownFileType = file.xib; path = ScoreDetialViewController.xib; sourceTree = "<group>"; };
		571BE71E1A20932F00CF4D82 /* TTTableViewController.h */ = {isa = PBXFileReference; fileEncoding = 4; lastKnownFileType = sourcecode.c.h; path = TTTableViewController.h; sourceTree = "<group>"; };
		571BE71F1A20932F00CF4D82 /* TTTableViewController.m */ = {isa = PBXFileReference; fileEncoding = 4; lastKnownFileType = sourcecode.c.objc; path = TTTableViewController.m; sourceTree = "<group>"; };
		571BE7201A20932F00CF4D82 /* TTTableViewController.xib */ = {isa = PBXFileReference; fileEncoding = 4; lastKnownFileType = file.xib; path = TTTableViewController.xib; sourceTree = "<group>"; };
		571BE7231A20934800CF4D82 /* MJTableViewController.h */ = {isa = PBXFileReference; fileEncoding = 4; lastKnownFileType = sourcecode.c.h; path = MJTableViewController.h; sourceTree = "<group>"; };
		571BE7241A20934800CF4D82 /* MJTableViewController.m */ = {isa = PBXFileReference; fileEncoding = 4; lastKnownFileType = sourcecode.c.objc; path = MJTableViewController.m; sourceTree = "<group>"; };
		571BE7251A20934800CF4D82 /* MJTableViewController.xib */ = {isa = PBXFileReference; fileEncoding = 4; lastKnownFileType = file.xib; path = MJTableViewController.xib; sourceTree = "<group>"; };
		571BE7281A20935D00CF4D82 /* JJCTableViewController.h */ = {isa = PBXFileReference; fileEncoding = 4; lastKnownFileType = sourcecode.c.h; path = JJCTableViewController.h; sourceTree = "<group>"; };
		571BE7291A20935D00CF4D82 /* JJCTableViewController.m */ = {isa = PBXFileReference; fileEncoding = 4; lastKnownFileType = sourcecode.c.objc; path = JJCTableViewController.m; sourceTree = "<group>"; };
		571BE72A1A20935D00CF4D82 /* JJCTableViewController.xib */ = {isa = PBXFileReference; fileEncoding = 4; lastKnownFileType = file.xib; path = JJCTableViewController.xib; sourceTree = "<group>"; };
		5749063D19336FD0003148E4 /* ASIAuthenticationDialog.h */ = {isa = PBXFileReference; fileEncoding = 4; lastKnownFileType = sourcecode.c.h; path = ASIAuthenticationDialog.h; sourceTree = "<group>"; };
		5749063E19336FD0003148E4 /* ASIAuthenticationDialog.m */ = {isa = PBXFileReference; fileEncoding = 4; lastKnownFileType = sourcecode.c.objc; path = ASIAuthenticationDialog.m; sourceTree = "<group>"; };
		5749063F19336FD0003148E4 /* ASICacheDelegate.h */ = {isa = PBXFileReference; fileEncoding = 4; lastKnownFileType = sourcecode.c.h; path = ASICacheDelegate.h; sourceTree = "<group>"; };
		5749064019336FD0003148E4 /* ASIDataCompressor.h */ = {isa = PBXFileReference; fileEncoding = 4; lastKnownFileType = sourcecode.c.h; path = ASIDataCompressor.h; sourceTree = "<group>"; };
		5749064119336FD0003148E4 /* ASIDataCompressor.m */ = {isa = PBXFileReference; fileEncoding = 4; lastKnownFileType = sourcecode.c.objc; path = ASIDataCompressor.m; sourceTree = "<group>"; };
		5749064219336FD0003148E4 /* ASIDataDecompressor.h */ = {isa = PBXFileReference; fileEncoding = 4; lastKnownFileType = sourcecode.c.h; path = ASIDataDecompressor.h; sourceTree = "<group>"; };
		5749064319336FD0003148E4 /* ASIDataDecompressor.m */ = {isa = PBXFileReference; fileEncoding = 4; lastKnownFileType = sourcecode.c.objc; path = ASIDataDecompressor.m; sourceTree = "<group>"; };
		5749064419336FD0003148E4 /* ASIDownloadCache.h */ = {isa = PBXFileReference; fileEncoding = 4; lastKnownFileType = sourcecode.c.h; path = ASIDownloadCache.h; sourceTree = "<group>"; };
		5749064519336FD0003148E4 /* ASIDownloadCache.m */ = {isa = PBXFileReference; fileEncoding = 4; lastKnownFileType = sourcecode.c.objc; path = ASIDownloadCache.m; sourceTree = "<group>"; };
		5749064619336FD0003148E4 /* ASIFormDataRequest.h */ = {isa = PBXFileReference; fileEncoding = 4; lastKnownFileType = sourcecode.c.h; path = ASIFormDataRequest.h; sourceTree = "<group>"; };
		5749064719336FD0003148E4 /* ASIFormDataRequest.m */ = {isa = PBXFileReference; fileEncoding = 4; lastKnownFileType = sourcecode.c.objc; path = ASIFormDataRequest.m; sourceTree = "<group>"; };
		5749064819336FD0003148E4 /* ASIHTTPRequest.h */ = {isa = PBXFileReference; fileEncoding = 4; lastKnownFileType = sourcecode.c.h; path = ASIHTTPRequest.h; sourceTree = "<group>"; };
		5749064919336FD0003148E4 /* ASIHTTPRequest.m */ = {isa = PBXFileReference; fileEncoding = 4; lastKnownFileType = sourcecode.c.objc; path = ASIHTTPRequest.m; sourceTree = "<group>"; };
		5749064A19336FD0003148E4 /* ASIHTTPRequestConfig.h */ = {isa = PBXFileReference; fileEncoding = 4; lastKnownFileType = sourcecode.c.h; path = ASIHTTPRequestConfig.h; sourceTree = "<group>"; };
		5749064B19336FD0003148E4 /* ASIHTTPRequestDelegate.h */ = {isa = PBXFileReference; fileEncoding = 4; lastKnownFileType = sourcecode.c.h; path = ASIHTTPRequestDelegate.h; sourceTree = "<group>"; };
		5749064C19336FD0003148E4 /* ASIInputStream.h */ = {isa = PBXFileReference; fileEncoding = 4; lastKnownFileType = sourcecode.c.h; path = ASIInputStream.h; sourceTree = "<group>"; };
		5749064D19336FD0003148E4 /* ASIInputStream.m */ = {isa = PBXFileReference; fileEncoding = 4; lastKnownFileType = sourcecode.c.objc; path = ASIInputStream.m; sourceTree = "<group>"; };
		5749064E19336FD0003148E4 /* ASINetworkQueue.h */ = {isa = PBXFileReference; fileEncoding = 4; lastKnownFileType = sourcecode.c.h; path = ASINetworkQueue.h; sourceTree = "<group>"; };
		5749064F19336FD0003148E4 /* ASINetworkQueue.m */ = {isa = PBXFileReference; fileEncoding = 4; lastKnownFileType = sourcecode.c.objc; path = ASINetworkQueue.m; sourceTree = "<group>"; };
		5749065019336FD0003148E4 /* ASIProgressDelegate.h */ = {isa = PBXFileReference; fileEncoding = 4; lastKnownFileType = sourcecode.c.h; path = ASIProgressDelegate.h; sourceTree = "<group>"; };
		5749065119336FD0003148E4 /* PKReachability.h */ = {isa = PBXFileReference; fileEncoding = 4; lastKnownFileType = sourcecode.c.h; path = PKReachability.h; sourceTree = "<group>"; };
		5749065219336FD0003148E4 /* PKReachability.m */ = {isa = PBXFileReference; fileEncoding = 4; lastKnownFileType = sourcecode.c.objc; path = PKReachability.m; sourceTree = "<group>"; };
		5749065C19337E78003148E4 /* MyXmlPraser.h */ = {isa = PBXFileReference; fileEncoding = 4; lastKnownFileType = sourcecode.c.h; path = MyXmlPraser.h; sourceTree = "<group>"; };
		5749065D19337E78003148E4 /* MyXmlPraser.m */ = {isa = PBXFileReference; fileEncoding = 4; lastKnownFileType = sourcecode.c.objc; path = MyXmlPraser.m; sourceTree = "<group>"; };
		5749065F193389D1003148E4 /* MyXmlData.h */ = {isa = PBXFileReference; fileEncoding = 4; lastKnownFileType = sourcecode.c.h; path = MyXmlData.h; sourceTree = "<group>"; };
		57490660193389D1003148E4 /* MyXmlData.m */ = {isa = PBXFileReference; fileEncoding = 4; lastKnownFileType = sourcecode.c.objc; path = MyXmlData.m; sourceTree = "<group>"; };
		5749066319338F39003148E4 /* SystemConfiguration.framework */ = {isa = PBXFileReference; lastKnownFileType = wrapper.framework; name = SystemConfiguration.framework; path = System/Library/Frameworks/SystemConfiguration.framework; sourceTree = SDKROOT; };
		5749066519338F45003148E4 /* MobileCoreServices.framework */ = {isa = PBXFileReference; lastKnownFileType = wrapper.framework; name = MobileCoreServices.framework; path = System/Library/Frameworks/MobileCoreServices.framework; sourceTree = SDKROOT; };
		5749066719338F4E003148E4 /* CFNetwork.framework */ = {isa = PBXFileReference; lastKnownFileType = wrapper.framework; name = CFNetwork.framework; path = System/Library/Frameworks/CFNetwork.framework; sourceTree = SDKROOT; };
		5749066A19338F73003148E4 /* libz.1.2.5.dylib */ = {isa = PBXFileReference; lastKnownFileType = "compiled.mach-o.dylib"; name = libz.1.2.5.dylib; path = usr/lib/libz.1.2.5.dylib; sourceTree = SDKROOT; };
		574EC2D61942B924003F986A /* SCGIFImageView.h */ = {isa = PBXFileReference; fileEncoding = 4; lastKnownFileType = sourcecode.c.h; path = SCGIFImageView.h; sourceTree = "<group>"; };
		574EC2D71942B924003F986A /* SCGIFImageView.m */ = {isa = PBXFileReference; fileEncoding = 4; lastKnownFileType = sourcecode.c.objc; path = SCGIFImageView.m; sourceTree = "<group>"; };
		574EC2D91942B95B003F986A /* sf.gif */ = {isa = PBXFileReference; lastKnownFileType = image.gif; path = sf.gif; sourceTree = "<group>"; };
		574EC2DB1942B9DC003F986A /* MyLoadingView.h */ = {isa = PBXFileReference; fileEncoding = 4; lastKnownFileType = sourcecode.c.h; path = MyLoadingView.h; sourceTree = "<group>"; };
		574EC2DC1942B9DC003F986A /* MyLoadingView.m */ = {isa = PBXFileReference; fileEncoding = 4; lastKnownFileType = sourcecode.c.objc; path = MyLoadingView.m; sourceTree = "<group>"; };
		576DC4C61934F36100D0A13D /* VideoViewController.h */ = {isa = PBXFileReference; fileEncoding = 4; lastKnownFileType = sourcecode.c.h; path = VideoViewController.h; sourceTree = "<group>"; };
		576DC4C71934F36100D0A13D /* VideoViewController.m */ = {isa = PBXFileReference; fileEncoding = 4; lastKnownFileType = sourcecode.c.objc; path = VideoViewController.m; sourceTree = "<group>"; };
		57722FD91940CAF100CA5267 /* libMobClickLibrary.a */ = {isa = PBXFileReference; lastKnownFileType = archive.ar; path = libMobClickLibrary.a; sourceTree = "<group>"; };
		57722FDA1940CAF100CA5267 /* MobClick.h */ = {isa = PBXFileReference; fileEncoding = 4; lastKnownFileType = sourcecode.c.h; path = MobClick.h; sourceTree = "<group>"; };
		57722FDD1940D78600CA5267 /* DMAdView.h */ = {isa = PBXFileReference; fileEncoding = 4; lastKnownFileType = sourcecode.c.h; path = DMAdView.h; sourceTree = "<group>"; };
		57722FDE1940D78600CA5267 /* DMFeedsAdView.h */ = {isa = PBXFileReference; fileEncoding = 4; lastKnownFileType = sourcecode.c.h; path = DMFeedsAdView.h; sourceTree = "<group>"; };
		57722FDF1940D78600CA5267 /* DMInterstitialAdController.h */ = {isa = PBXFileReference; fileEncoding = 4; lastKnownFileType = sourcecode.c.h; path = DMInterstitialAdController.h; sourceTree = "<group>"; };
		57722FE01940D78600CA5267 /* DMRTSplashAdController.h */ = {isa = PBXFileReference; fileEncoding = 4; lastKnownFileType = sourcecode.c.h; path = DMRTSplashAdController.h; sourceTree = "<group>"; };
		57722FE11940D78600CA5267 /* DMSplashAdController.h */ = {isa = PBXFileReference; fileEncoding = 4; lastKnownFileType = sourcecode.c.h; path = DMSplashAdController.h; sourceTree = "<group>"; };
		57722FE21940D78600CA5267 /* DMTools.h */ = {isa = PBXFileReference; fileEncoding = 4; lastKnownFileType = sourcecode.c.h; path = DMTools.h; sourceTree = "<group>"; };
		57722FE41940D78600CA5267 /* DomobAdSDKBundle.bundle */ = {isa = PBXFileReference; lastKnownFileType = "wrapper.plug-in"; path = DomobAdSDKBundle.bundle; sourceTree = "<group>"; };
		57722FE51940D78600CA5267 /* libDomobAdSDK.a */ = {isa = PBXFileReference; lastKnownFileType = archive.ar; path = libDomobAdSDK.a; sourceTree = "<group>"; };
		57722FE81940DA1600CA5267 /* libsqlite3.dylib */ = {isa = PBXFileReference; lastKnownFileType = "compiled.mach-o.dylib"; name = libsqlite3.dylib; path = usr/lib/libsqlite3.dylib; sourceTree = SDKROOT; };
		57722FEA1940DA2500CA5267 /* CoreMedia.framework */ = {isa = PBXFileReference; lastKnownFileType = wrapper.framework; name = CoreMedia.framework; path = System/Library/Frameworks/CoreMedia.framework; sourceTree = SDKROOT; };
		57722FEC1940DA3000CA5267 /* MediaPlayer.framework */ = {isa = PBXFileReference; lastKnownFileType = wrapper.framework; name = MediaPlayer.framework; path = System/Library/Frameworks/MediaPlayer.framework; sourceTree = SDKROOT; };
		57722FEE1940DA4100CA5267 /* QuartzCore.framework */ = {isa = PBXFileReference; lastKnownFileType = wrapper.framework; name = QuartzCore.framework; path = System/Library/Frameworks/QuartzCore.framework; sourceTree = SDKROOT; };
		57722FF01940DA4F00CA5267 /* CoreText.framework */ = {isa = PBXFileReference; lastKnownFileType = wrapper.framework; name = CoreText.framework; path = System/Library/Frameworks/CoreText.framework; sourceTree = SDKROOT; };
		57722FF21940DA6200CA5267 /* StoreKit.framework */ = {isa = PBXFileReference; lastKnownFileType = wrapper.framework; name = StoreKit.framework; path = System/Library/Frameworks/StoreKit.framework; sourceTree = SDKROOT; };
		57722FF41940DA7000CA5267 /* PassKit.framework */ = {isa = PBXFileReference; lastKnownFileType = wrapper.framework; name = PassKit.framework; path = System/Library/Frameworks/PassKit.framework; sourceTree = SDKROOT; };
		57722FF61940DA7C00CA5267 /* Social.framework */ = {isa = PBXFileReference; lastKnownFileType = wrapper.framework; name = Social.framework; path = System/Library/Frameworks/Social.framework; sourceTree = SDKROOT; };
		57722FF81940DA8600CA5267 /* EventKit.framework */ = {isa = PBXFileReference; lastKnownFileType = wrapper.framework; name = EventKit.framework; path = System/Library/Frameworks/EventKit.framework; sourceTree = SDKROOT; };
		57722FFA1940DA8E00CA5267 /* AVFoundation.framework */ = {isa = PBXFileReference; lastKnownFileType = wrapper.framework; name = AVFoundation.framework; path = System/Library/Frameworks/AVFoundation.framework; sourceTree = SDKROOT; };
		57722FFC1940DA9800CA5267 /* AudioToolbox.framework */ = {isa = PBXFileReference; lastKnownFileType = wrapper.framework; name = AudioToolbox.framework; path = System/Library/Frameworks/AudioToolbox.framework; sourceTree = SDKROOT; };
		579E1FB91A21FFC100B9F69C /* ScoreTableScollDelegate.h */ = {isa = PBXFileReference; fileEncoding = 4; lastKnownFileType = sourcecode.c.h; path = ScoreTableScollDelegate.h; sourceTree = "<group>"; };
		57A05DAB1A047FBF00D5060B /* dota.html */ = {isa = PBXFileReference; fileEncoding = 4; lastKnownFileType = text.html; path = dota.html; sourceTree = "<group>"; };
		57A05DAD1A048A6C00D5060B /* agility.gif */ = {isa = PBXFileReference; lastKnownFileType = image.gif; path = agility.gif; sourceTree = "<group>"; };
		57A05DAE1A048A6C00D5060B /* intelligence.gif */ = {isa = PBXFileReference; lastKnownFileType = image.gif; path = intelligence.gif; sourceTree = "<group>"; };
		57A05DAF1A048A6C00D5060B /* strength.gif */ = {isa = PBXFileReference; lastKnownFileType = image.gif; path = strength.gif; sourceTree = "<group>"; };
		57A05DB31A04996900D5060B /* HeroBarView.h */ = {isa = PBXFileReference; fileEncoding = 4; lastKnownFileType = sourcecode.c.h; path = HeroBarView.h; sourceTree = "<group>"; };
		57A05DB41A04996900D5060B /* HeroBarView.m */ = {isa = PBXFileReference; fileEncoding = 4; lastKnownFileType = sourcecode.c.objc; path = HeroBarView.m; sourceTree = "<group>"; };
		57A05DBA1A04DD8400D5060B /* rss.xml */ = {isa = PBXFileReference; fileEncoding = 4; lastKnownFileType = text.xml; path = rss.xml; sourceTree = "<group>"; };
		57A05E0D1A051DFE00D5060B /* new_file.html */ = {isa = PBXFileReference; fileEncoding = 4; lastKnownFileType = text.html; path = new_file.html; sourceTree = "<group>"; };
		57A73627191140EB00DF2B97 /* HomeViewController.h */ = {isa = PBXFileReference; fileEncoding = 4; lastKnownFileType = sourcecode.c.h; path = HomeViewController.h; sourceTree = "<group>"; };
		57A73628191140EB00DF2B97 /* HomeViewController.m */ = {isa = PBXFileReference; fileEncoding = 4; lastKnownFileType = sourcecode.c.objc; path = HomeViewController.m; sourceTree = "<group>"; };
		57A73629191140EB00DF2B97 /* HomeViewController.xib */ = {isa = PBXFileReference; fileEncoding = 4; lastKnownFileType = file.xib; path = HomeViewController.xib; sourceTree = "<group>"; };
		57A850B8190004980062932C /* MyDota.app */ = {isa = PBXFileReference; explicitFileType = wrapper.application; includeInIndex = 0; path = MyDota.app; sourceTree = BUILT_PRODUCTS_DIR; };
		57A850BB190004980062932C /* Foundation.framework */ = {isa = PBXFileReference; lastKnownFileType = wrapper.framework; name = Foundation.framework; path = System/Library/Frameworks/Foundation.framework; sourceTree = SDKROOT; };
		57A850BD190004980062932C /* CoreGraphics.framework */ = {isa = PBXFileReference; lastKnownFileType = wrapper.framework; name = CoreGraphics.framework; path = System/Library/Frameworks/CoreGraphics.framework; sourceTree = SDKROOT; };
		57A850BF190004980062932C /* UIKit.framework */ = {isa = PBXFileReference; lastKnownFileType = wrapper.framework; name = UIKit.framework; path = System/Library/Frameworks/UIKit.framework; sourceTree = SDKROOT; };
		57A850C3190004980062932C /* MyDota-Info.plist */ = {isa = PBXFileReference; lastKnownFileType = text.plist.xml; path = "MyDota-Info.plist"; sourceTree = "<group>"; };
		57A850C5190004980062932C /* en */ = {isa = PBXFileReference; lastKnownFileType = text.plist.strings; name = en; path = en.lproj/InfoPlist.strings; sourceTree = "<group>"; };
		57A850C7190004980062932C /* main.m */ = {isa = PBXFileReference; lastKnownFileType = sourcecode.c.objc; path = main.m; sourceTree = "<group>"; };
		57A850C9190004980062932C /* MyDota-Prefix.pch */ = {isa = PBXFileReference; lastKnownFileType = sourcecode.c.h; path = "MyDota-Prefix.pch"; sourceTree = "<group>"; };
		57A850CA190004980062932C /* AppDelegate.h */ = {isa = PBXFileReference; lastKnownFileType = sourcecode.c.h; path = AppDelegate.h; sourceTree = "<group>"; };
		57A850CB190004980062932C /* AppDelegate.m */ = {isa = PBXFileReference; lastKnownFileType = sourcecode.c.objc; path = AppDelegate.m; sourceTree = "<group>"; };
		57A850CE190004980062932C /* Base */ = {isa = PBXFileReference; lastKnownFileType = file.storyboard; name = Base; path = Base.lproj/Main_iPhone.storyboard; sourceTree = "<group>"; };
		57A850D1190004980062932C /* Base */ = {isa = PBXFileReference; lastKnownFileType = file.storyboard; name = Base; path = Base.lproj/Main_iPad.storyboard; sourceTree = "<group>"; };
		57A850D3190004980062932C /* ViewController.h */ = {isa = PBXFileReference; lastKnownFileType = sourcecode.c.h; path = ViewController.h; sourceTree = "<group>"; };
		57A850D4190004980062932C /* ViewController.m */ = {isa = PBXFileReference; lastKnownFileType = sourcecode.c.objc; path = ViewController.m; sourceTree = "<group>"; };
		57A850D6190004980062932C /* Images.xcassets */ = {isa = PBXFileReference; lastKnownFileType = folder.assetcatalog; path = Images.xcassets; sourceTree = "<group>"; };
		57A850DC190004980062932C /* MyDotaTests.xctest */ = {isa = PBXFileReference; explicitFileType = wrapper.cfbundle; includeInIndex = 0; path = MyDotaTests.xctest; sourceTree = BUILT_PRODUCTS_DIR; };
		57A850DD190004980062932C /* XCTest.framework */ = {isa = PBXFileReference; lastKnownFileType = wrapper.framework; name = XCTest.framework; path = Library/Frameworks/XCTest.framework; sourceTree = DEVELOPER_DIR; };
		57A850E5190004980062932C /* MyDotaTests-Info.plist */ = {isa = PBXFileReference; lastKnownFileType = text.plist.xml; path = "MyDotaTests-Info.plist"; sourceTree = "<group>"; };
		57A850E7190004980062932C /* en */ = {isa = PBXFileReference; lastKnownFileType = text.plist.strings; name = en; path = en.lproj/InfoPlist.strings; sourceTree = "<group>"; };
		57A850E9190004980062932C /* MyDotaTests.m */ = {isa = PBXFileReference; lastKnownFileType = sourcecode.c.objc; path = MyDotaTests.m; sourceTree = "<group>"; };
		57B124F31A0B9E1D00354904 /* ScoreViewController.h */ = {isa = PBXFileReference; fileEncoding = 4; lastKnownFileType = sourcecode.c.h; path = ScoreViewController.h; sourceTree = "<group>"; };
		57B124F41A0B9E1D00354904 /* ScoreViewController.m */ = {isa = PBXFileReference; fileEncoding = 4; lastKnownFileType = sourcecode.c.objc; path = ScoreViewController.m; sourceTree = "<group>"; };
		57B124F51A0B9E1D00354904 /* ScoreViewController.xib */ = {isa = PBXFileReference; fileEncoding = 4; lastKnownFileType = file.xib; path = ScoreViewController.xib; sourceTree = "<group>"; };
		57B1F95B19474ACF0083B65F /* MJRefresh.bundle */ = {isa = PBXFileReference; lastKnownFileType = "wrapper.plug-in"; path = MJRefresh.bundle; sourceTree = "<group>"; };
		57B1F95C19474ACF0083B65F /* MJRefresh.h */ = {isa = PBXFileReference; fileEncoding = 4; lastKnownFileType = sourcecode.c.h; path = MJRefresh.h; sourceTree = "<group>"; };
		57B1F95D19474ACF0083B65F /* MJRefreshBaseView.h */ = {isa = PBXFileReference; fileEncoding = 4; lastKnownFileType = sourcecode.c.h; path = MJRefreshBaseView.h; sourceTree = "<group>"; };
		57B1F95E19474ACF0083B65F /* MJRefreshBaseView.m */ = {isa = PBXFileReference; fileEncoding = 4; lastKnownFileType = sourcecode.c.objc; path = MJRefreshBaseView.m; sourceTree = "<group>"; };
		57B1F95F19474ACF0083B65F /* MJRefreshConst.h */ = {isa = PBXFileReference; fileEncoding = 4; lastKnownFileType = sourcecode.c.h; path = MJRefreshConst.h; sourceTree = "<group>"; };
		57B1F96019474ACF0083B65F /* MJRefreshConst.m */ = {isa = PBXFileReference; fileEncoding = 4; lastKnownFileType = sourcecode.c.objc; path = MJRefreshConst.m; sourceTree = "<group>"; };
		57B1F96119474ACF0083B65F /* MJRefreshFooterView.h */ = {isa = PBXFileReference; fileEncoding = 4; lastKnownFileType = sourcecode.c.h; path = MJRefreshFooterView.h; sourceTree = "<group>"; };
		57B1F96219474ACF0083B65F /* MJRefreshFooterView.m */ = {isa = PBXFileReference; fileEncoding = 4; lastKnownFileType = sourcecode.c.objc; path = MJRefreshFooterView.m; sourceTree = "<group>"; };
		57B1F96319474ACF0083B65F /* MJRefreshHeaderView.h */ = {isa = PBXFileReference; fileEncoding = 4; lastKnownFileType = sourcecode.c.h; path = MJRefreshHeaderView.h; sourceTree = "<group>"; };
		57B1F96419474ACF0083B65F /* MJRefreshHeaderView.m */ = {isa = PBXFileReference; fileEncoding = 4; lastKnownFileType = sourcecode.c.objc; path = MJRefreshHeaderView.m; sourceTree = "<group>"; };
		57B1F96519474ACF0083B65F /* UIScrollView+Extension.h */ = {isa = PBXFileReference; fileEncoding = 4; lastKnownFileType = sourcecode.c.h; path = "UIScrollView+Extension.h"; sourceTree = "<group>"; };
		57B1F96619474ACF0083B65F /* UIScrollView+Extension.m */ = {isa = PBXFileReference; fileEncoding = 4; lastKnownFileType = sourcecode.c.objc; path = "UIScrollView+Extension.m"; sourceTree = "<group>"; };
		57B1F96719474ACF0083B65F /* UIScrollView+MJRefresh.h */ = {isa = PBXFileReference; fileEncoding = 4; lastKnownFileType = sourcecode.c.h; path = "UIScrollView+MJRefresh.h"; sourceTree = "<group>"; };
		57B1F96819474ACF0083B65F /* UIScrollView+MJRefresh.m */ = {isa = PBXFileReference; fileEncoding = 4; lastKnownFileType = sourcecode.c.objc; path = "UIScrollView+MJRefresh.m"; sourceTree = "<group>"; };
		57B1F96919474ACF0083B65F /* UIView+Extension.h */ = {isa = PBXFileReference; fileEncoding = 4; lastKnownFileType = sourcecode.c.h; path = "UIView+Extension.h"; sourceTree = "<group>"; };
		57B1F96A19474ACF0083B65F /* UIView+Extension.m */ = {isa = PBXFileReference; fileEncoding = 4; lastKnownFileType = sourcecode.c.objc; path = "UIView+Extension.m"; sourceTree = "<group>"; };
		57C28B1B198A84640024338F /* cofig.h */ = {isa = PBXFileReference; fileEncoding = 4; lastKnownFileType = sourcecode.c.h; path = cofig.h; sourceTree = "<group>"; };
		57F4FBF91949E88200DDF40D /* HTMLNode.h */ = {isa = PBXFileReference; fileEncoding = 4; lastKnownFileType = sourcecode.c.h; path = HTMLNode.h; sourceTree = "<group>"; };
		57F4FBFA1949E88200DDF40D /* HTMLNode.m */ = {isa = PBXFileReference; fileEncoding = 4; lastKnownFileType = sourcecode.c.objc; path = HTMLNode.m; sourceTree = "<group>"; };
		57F4FBFB1949E88200DDF40D /* HTMLParser.h */ = {isa = PBXFileReference; fileEncoding = 4; lastKnownFileType = sourcecode.c.h; path = HTMLParser.h; sourceTree = "<group>"; };
		57F4FBFC1949E88200DDF40D /* HTMLParser.m */ = {isa = PBXFileReference; fileEncoding = 4; lastKnownFileType = sourcecode.c.objc; path = HTMLParser.m; sourceTree = "<group>"; };
		57F4FC001949EAFE00DDF40D /* HeroViewController.h */ = {isa = PBXFileReference; fileEncoding = 4; lastKnownFileType = sourcecode.c.h; path = HeroViewController.h; sourceTree = "<group>"; };
		57F4FC011949EAFE00DDF40D /* HeroViewController.m */ = {isa = PBXFileReference; fileEncoding = 4; lastKnownFileType = sourcecode.c.objc; path = HeroViewController.m; sourceTree = "<group>"; };
		57F4FC021949EAFE00DDF40D /* HeroViewController.xib */ = {isa = PBXFileReference; fileEncoding = 4; lastKnownFileType = file.xib; path = HeroViewController.xib; sourceTree = "<group>"; };
		57F4FC091949EE2300DDF40D /* libxml2.2.dylib */ = {isa = PBXFileReference; lastKnownFileType = "compiled.mach-o.dylib"; name = libxml2.2.dylib; path = usr/lib/libxml2.2.dylib; sourceTree = SDKROOT; };
		57F4FC0B1949F26400DDF40D /* DotaHeroBar.h */ = {isa = PBXFileReference; fileEncoding = 4; lastKnownFileType = sourcecode.c.h; path = DotaHeroBar.h; sourceTree = "<group>"; };
		57F4FC0C1949F26400DDF40D /* DotaHeroBar.m */ = {isa = PBXFileReference; fileEncoding = 4; lastKnownFileType = sourcecode.c.objc; path = DotaHeroBar.m; sourceTree = "<group>"; };
/* End PBXFileReference section */

/* Begin PBXFrameworksBuildPhase section */
		57A850B5190004980062932C /* Frameworks */ = {
			isa = PBXFrameworksBuildPhase;
			buildActionMask = 2147483647;
			files = (
				57F4FC0A1949EE2300DDF40D /* libxml2.2.dylib in Frameworks */,
				57722FFD1940DA9800CA5267 /* AudioToolbox.framework in Frameworks */,
				57722FFB1940DA8E00CA5267 /* AVFoundation.framework in Frameworks */,
				57722FF91940DA8600CA5267 /* EventKit.framework in Frameworks */,
				57722FF71940DA7C00CA5267 /* Social.framework in Frameworks */,
				57722FF51940DA7000CA5267 /* PassKit.framework in Frameworks */,
				57722FF31940DA6200CA5267 /* StoreKit.framework in Frameworks */,
				57A850BE190004980062932C /* CoreGraphics.framework in Frameworks */,
				57722FF11940DA4F00CA5267 /* CoreText.framework in Frameworks */,
				57722FEF1940DA4100CA5267 /* QuartzCore.framework in Frameworks */,
				57722FED1940DA3000CA5267 /* MediaPlayer.framework in Frameworks */,
				57722FEB1940DA2500CA5267 /* CoreMedia.framework in Frameworks */,
				57722FE91940DA1600CA5267 /* libsqlite3.dylib in Frameworks */,
				5749066B19338F73003148E4 /* libz.1.2.5.dylib in Frameworks */,
				5749066819338F4E003148E4 /* CFNetwork.framework in Frameworks */,
				57722FE71940D78600CA5267 /* libDomobAdSDK.a in Frameworks */,
				5749066619338F45003148E4 /* MobileCoreServices.framework in Frameworks */,
				57722FDB1940CAF100CA5267 /* libMobClickLibrary.a in Frameworks */,
				5749066419338F39003148E4 /* SystemConfiguration.framework in Frameworks */,
				57A850C0190004980062932C /* UIKit.framework in Frameworks */,
				57A850BC190004980062932C /* Foundation.framework in Frameworks */,
			);
			runOnlyForDeploymentPostprocessing = 0;
		};
		57A850D9190004980062932C /* Frameworks */ = {
			isa = PBXFrameworksBuildPhase;
			buildActionMask = 2147483647;
			files = (
				57A850DE190004980062932C /* XCTest.framework in Frameworks */,
				57A850E0190004980062932C /* UIKit.framework in Frameworks */,
				57A850DF190004980062932C /* Foundation.framework in Frameworks */,
			);
			runOnlyForDeploymentPostprocessing = 0;
		};
/* End PBXFrameworksBuildPhase section */

/* Begin PBXGroup section */
		571BE71D1A2092D100CF4D82 /* ScoreTableViewController */ = {
			isa = PBXGroup;
			children = (
				571BE71E1A20932F00CF4D82 /* TTTableViewController.h */,
				571BE71F1A20932F00CF4D82 /* TTTableViewController.m */,
				571BE7201A20932F00CF4D82 /* TTTableViewController.xib */,
				571BE7231A20934800CF4D82 /* MJTableViewController.h */,
				571BE7241A20934800CF4D82 /* MJTableViewController.m */,
				571BE7251A20934800CF4D82 /* MJTableViewController.xib */,
				571BE7281A20935D00CF4D82 /* JJCTableViewController.h */,
				571BE7291A20935D00CF4D82 /* JJCTableViewController.m */,
				571BE72A1A20935D00CF4D82 /* JJCTableViewController.xib */,
			);
			name = ScoreTableViewController;
			sourceTree = "<group>";
		};
		5749063C19336FD0003148E4 /* ASIHttpRequest */ = {
			isa = PBXGroup;
			children = (
				5749063D19336FD0003148E4 /* ASIAuthenticationDialog.h */,
				5749063E19336FD0003148E4 /* ASIAuthenticationDialog.m */,
				5749063F19336FD0003148E4 /* ASICacheDelegate.h */,
				5749064019336FD0003148E4 /* ASIDataCompressor.h */,
				5749064119336FD0003148E4 /* ASIDataCompressor.m */,
				5749064219336FD0003148E4 /* ASIDataDecompressor.h */,
				5749064319336FD0003148E4 /* ASIDataDecompressor.m */,
				5749064419336FD0003148E4 /* ASIDownloadCache.h */,
				5749064519336FD0003148E4 /* ASIDownloadCache.m */,
				5749064619336FD0003148E4 /* ASIFormDataRequest.h */,
				5749064719336FD0003148E4 /* ASIFormDataRequest.m */,
				5749064819336FD0003148E4 /* ASIHTTPRequest.h */,
				5749064919336FD0003148E4 /* ASIHTTPRequest.m */,
				5749064A19336FD0003148E4 /* ASIHTTPRequestConfig.h */,
				5749064B19336FD0003148E4 /* ASIHTTPRequestDelegate.h */,
				5749064C19336FD0003148E4 /* ASIInputStream.h */,
				5749064D19336FD0003148E4 /* ASIInputStream.m */,
				5749064E19336FD0003148E4 /* ASINetworkQueue.h */,
				5749064F19336FD0003148E4 /* ASINetworkQueue.m */,
				5749065019336FD0003148E4 /* ASIProgressDelegate.h */,
				5749065119336FD0003148E4 /* PKReachability.h */,
				5749065219336FD0003148E4 /* PKReachability.m */,
			);
			path = ASIHttpRequest;
			sourceTree = "<group>";
		};
		5749066219338A9F003148E4 /* HomeViewController */ = {
			isa = PBXGroup;
			children = (
				57A73627191140EB00DF2B97 /* HomeViewController.h */,
				57A73628191140EB00DF2B97 /* HomeViewController.m */,
				57A73629191140EB00DF2B97 /* HomeViewController.xib */,
				5749065C19337E78003148E4 /* MyXmlPraser.h */,
				5749065D19337E78003148E4 /* MyXmlPraser.m */,
				5749065F193389D1003148E4 /* MyXmlData.h */,
				57490660193389D1003148E4 /* MyXmlData.m */,
				576DC4C61934F36100D0A13D /* VideoViewController.h */,
				576DC4C71934F36100D0A13D /* VideoViewController.m */,
				57A05E0D1A051DFE00D5060B /* new_file.html */,
				57A05DBA1A04DD8400D5060B /* rss.xml */,
			);
			name = HomeViewController;
			sourceTree = "<group>";
		};
		57722FD81940CADE00CA5267 /* MobClick */ = {
			isa = PBXGroup;
			children = (
				57722FD91940CAF100CA5267 /* libMobClickLibrary.a */,
				57722FDA1940CAF100CA5267 /* MobClick.h */,
			);
			name = MobClick;
			sourceTree = "<group>";
		};
		57722FDC1940D78600CA5267 /* DomobAdSDK */ = {
			isa = PBXGroup;
			children = (
				57722FDD1940D78600CA5267 /* DMAdView.h */,
				57722FDE1940D78600CA5267 /* DMFeedsAdView.h */,
				57722FDF1940D78600CA5267 /* DMInterstitialAdController.h */,
				57722FE01940D78600CA5267 /* DMRTSplashAdController.h */,
				57722FE11940D78600CA5267 /* DMSplashAdController.h */,
				57722FE21940D78600CA5267 /* DMTools.h */,
				57722FE31940D78600CA5267 /* DomobAdSDKBundle */,
				57722FE51940D78600CA5267 /* libDomobAdSDK.a */,
			);
			path = DomobAdSDK;
			sourceTree = "<group>";
		};
		57722FE31940D78600CA5267 /* DomobAdSDKBundle */ = {
			isa = PBXGroup;
			children = (
				57722FE41940D78600CA5267 /* DomobAdSDKBundle.bundle */,
			);
			path = DomobAdSDKBundle;
			sourceTree = "<group>";
		};
		57A850AF190004980062932C = {
			isa = PBXGroup;
			children = (
				57A850C1190004980062932C /* MyDota */,
				57A850E3190004980062932C /* MyDotaTests */,
				57A850BA190004980062932C /* Frameworks */,
				57A850B9190004980062932C /* Products */,
			);
			sourceTree = "<group>";
		};
		57A850B9190004980062932C /* Products */ = {
			isa = PBXGroup;
			children = (
				57A850B8190004980062932C /* MyDota.app */,
				57A850DC190004980062932C /* MyDotaTests.xctest */,
			);
			name = Products;
			sourceTree = "<group>";
		};
		57A850BA190004980062932C /* Frameworks */ = {
			isa = PBXGroup;
			children = (
				57F4FC091949EE2300DDF40D /* libxml2.2.dylib */,
				57722FFC1940DA9800CA5267 /* AudioToolbox.framework */,
				57722FFA1940DA8E00CA5267 /* AVFoundation.framework */,
				57722FF81940DA8600CA5267 /* EventKit.framework */,
				57722FF61940DA7C00CA5267 /* Social.framework */,
				57722FF41940DA7000CA5267 /* PassKit.framework */,
				57722FF21940DA6200CA5267 /* StoreKit.framework */,
				57722FF01940DA4F00CA5267 /* CoreText.framework */,
				57722FEE1940DA4100CA5267 /* QuartzCore.framework */,
				57722FEC1940DA3000CA5267 /* MediaPlayer.framework */,
				57722FEA1940DA2500CA5267 /* CoreMedia.framework */,
				57722FE81940DA1600CA5267 /* libsqlite3.dylib */,
				5749066A19338F73003148E4 /* libz.1.2.5.dylib */,
				5749066719338F4E003148E4 /* CFNetwork.framework */,
				5749066519338F45003148E4 /* MobileCoreServices.framework */,
				5749066319338F39003148E4 /* SystemConfiguration.framework */,
				57A850BB190004980062932C /* Foundation.framework */,
				57A850BD190004980062932C /* CoreGraphics.framework */,
				57A850BF190004980062932C /* UIKit.framework */,
				57A850DD190004980062932C /* XCTest.framework */,
			);
			name = Frameworks;
			sourceTree = "<group>";
		};
		57A850C1190004980062932C /* MyDota */ = {
			isa = PBXGroup;
			children = (
				57F4FBFF1949E89F00DDF40D /* thirdFile */,
				574EC2D91942B95B003F986A /* sf.gif */,
				574EC2D61942B924003F986A /* SCGIFImageView.h */,
				574EC2D71942B924003F986A /* SCGIFImageView.m */,
				574EC2DB1942B9DC003F986A /* MyLoadingView.h */,
				574EC2DC1942B9DC003F986A /* MyLoadingView.m */,
				57A850CA190004980062932C /* AppDelegate.h */,
				57A850CB190004980062932C /* AppDelegate.m */,
				57A850CD190004980062932C /* Main_iPhone.storyboard */,
				57A850D0190004980062932C /* Main_iPad.storyboard */,
				57A850D3190004980062932C /* ViewController.h */,
				57A850D4190004980062932C /* ViewController.m */,
				5749066219338A9F003148E4 /* HomeViewController */,
				57F4FBF41949E59B00DDF40D /* HeroViewController */,
				57B124ED1A0B9D4B00354904 /* 11ViewController */,
				57A850D6190004980062932C /* Images.xcassets */,
				57A850C2190004980062932C /* Supporting Files */,
			);
			path = MyDota;
			sourceTree = "<group>";
		};
		57A850C2190004980062932C /* Supporting Files */ = {
			isa = PBXGroup;
			children = (
				57A850C3190004980062932C /* MyDota-Info.plist */,
				57A850C4190004980062932C /* InfoPlist.strings */,
				57A850C7190004980062932C /* main.m */,
				57A850C9190004980062932C /* MyDota-Prefix.pch */,
				57C28B1B198A84640024338F /* cofig.h */,
			);
			name = "Supporting Files";
			sourceTree = "<group>";
		};
		57A850E3190004980062932C /* MyDotaTests */ = {
			isa = PBXGroup;
			children = (
				57A850E9190004980062932C /* MyDotaTests.m */,
				57A850E4190004980062932C /* Supporting Files */,
			);
			path = MyDotaTests;
			sourceTree = "<group>";
		};
		57A850E4190004980062932C /* Supporting Files */ = {
			isa = PBXGroup;
			children = (
				57A850E5190004980062932C /* MyDotaTests-Info.plist */,
				57A850E6190004980062932C /* InfoPlist.strings */,
			);
			name = "Supporting Files";
			sourceTree = "<group>";
		};
		57B124ED1A0B9D4B00354904 /* 11ViewController */ = {
			isa = PBXGroup;
			children = (
				57B124F31A0B9E1D00354904 /* ScoreViewController.h */,
				57B124F41A0B9E1D00354904 /* ScoreViewController.m */,
				57B124F51A0B9E1D00354904 /* ScoreViewController.xib */,
				571BE7181A208B3F00CF4D82 /* ScoreDetialViewController.h */,
				571BE7191A208B3F00CF4D82 /* ScoreDetialViewController.m */,
				571BE71A1A208B3F00CF4D82 /* ScoreDetialViewController.xib */,
				579E1FB91A21FFC100B9F69C /* ScoreTableScollDelegate.h */,
				571BE7151A206BBB00CF4D82 /* ScoreData.h */,
				571BE7161A206BBB00CF4D82 /* ScoreData.m */,
				571BE71D1A2092D100CF4D82 /* ScoreTableViewController */,
			);
			name = 11ViewController;
			sourceTree = "<group>";
		};
		57B1F95A19474ACF0083B65F /* MJRefresh */ = {
			isa = PBXGroup;
			children = (
				57B1F95B19474ACF0083B65F /* MJRefresh.bundle */,
				57B1F95C19474ACF0083B65F /* MJRefresh.h */,
				57B1F95D19474ACF0083B65F /* MJRefreshBaseView.h */,
				57B1F95E19474ACF0083B65F /* MJRefreshBaseView.m */,
				57B1F95F19474ACF0083B65F /* MJRefreshConst.h */,
				57B1F96019474ACF0083B65F /* MJRefreshConst.m */,
				57B1F96119474ACF0083B65F /* MJRefreshFooterView.h */,
				57B1F96219474ACF0083B65F /* MJRefreshFooterView.m */,
				57B1F96319474ACF0083B65F /* MJRefreshHeaderView.h */,
				57B1F96419474ACF0083B65F /* MJRefreshHeaderView.m */,
				57B1F96519474ACF0083B65F /* UIScrollView+Extension.h */,
				57B1F96619474ACF0083B65F /* UIScrollView+Extension.m */,
				57B1F96719474ACF0083B65F /* UIScrollView+MJRefresh.h */,
				57B1F96819474ACF0083B65F /* UIScrollView+MJRefresh.m */,
				57B1F96919474ACF0083B65F /* UIView+Extension.h */,
				57B1F96A19474ACF0083B65F /* UIView+Extension.m */,
			);
			path = MJRefresh;
			sourceTree = "<group>";
		};
		57F4FBF41949E59B00DDF40D /* HeroViewController */ = {
			isa = PBXGroup;
			children = (
				57A05DAD1A048A6C00D5060B /* agility.gif */,
				57A05DAE1A048A6C00D5060B /* intelligence.gif */,
				57A05DAF1A048A6C00D5060B /* strength.gif */,
				57A05DAB1A047FBF00D5060B /* dota.html */,
				57F4FC0B1949F26400DDF40D /* DotaHeroBar.h */,
				57F4FC0C1949F26400DDF40D /* DotaHeroBar.m */,
				57F4FC001949EAFE00DDF40D /* HeroViewController.h */,
				57F4FC011949EAFE00DDF40D /* HeroViewController.m */,
				57F4FC021949EAFE00DDF40D /* HeroViewController.xib */,
				57A05DB31A04996900D5060B /* HeroBarView.h */,
				57A05DB41A04996900D5060B /* HeroBarView.m */,
			);
			name = HeroViewController;
			sourceTree = "<group>";
		};
		57F4FBF81949E86900DDF40D /* HtmlPraser */ = {
			isa = PBXGroup;
			children = (
				57F4FBF91949E88200DDF40D /* HTMLNode.h */,
				57F4FBFA1949E88200DDF40D /* HTMLNode.m */,
				57F4FBFB1949E88200DDF40D /* HTMLParser.h */,
				57F4FBFC1949E88200DDF40D /* HTMLParser.m */,
			);
			name = HtmlPraser;
			sourceTree = "<group>";
		};
		57F4FBFF1949E89F00DDF40D /* thirdFile */ = {
			isa = PBXGroup;
			children = (
				57F4FBF81949E86900DDF40D /* HtmlPraser */,
				57B1F95A19474ACF0083B65F /* MJRefresh */,
				57722FDC1940D78600CA5267 /* DomobAdSDK */,
				57722FD81940CADE00CA5267 /* MobClick */,
				5749063C19336FD0003148E4 /* ASIHttpRequest */,
			);
			name = thirdFile;
			sourceTree = "<group>";
		};
/* End PBXGroup section */

/* Begin PBXNativeTarget section */
		57A850B7190004980062932C /* MyDota */ = {
			isa = PBXNativeTarget;
			buildConfigurationList = 57A850ED190004980062932C /* Build configuration list for PBXNativeTarget "MyDota" */;
			buildPhases = (
				57A850B4190004980062932C /* Sources */,
				57A850B5190004980062932C /* Frameworks */,
				57A850B6190004980062932C /* Resources */,
			);
			buildRules = (
			);
			dependencies = (
			);
			name = MyDota;
			productName = MyDota;
			productReference = 57A850B8190004980062932C /* MyDota.app */;
			productType = "com.apple.product-type.application";
		};
		57A850DB190004980062932C /* MyDotaTests */ = {
			isa = PBXNativeTarget;
			buildConfigurationList = 57A850F0190004980062932C /* Build configuration list for PBXNativeTarget "MyDotaTests" */;
			buildPhases = (
				57A850D8190004980062932C /* Sources */,
				57A850D9190004980062932C /* Frameworks */,
				57A850DA190004980062932C /* Resources */,
			);
			buildRules = (
			);
			dependencies = (
				57A850E2190004980062932C /* PBXTargetDependency */,
			);
			name = MyDotaTests;
			productName = MyDotaTests;
			productReference = 57A850DC190004980062932C /* MyDotaTests.xctest */;
			productType = "com.apple.product-type.bundle.unit-test";
		};
/* End PBXNativeTarget section */

/* Begin PBXProject section */
		57A850B0190004980062932C /* Project object */ = {
			isa = PBXProject;
			attributes = {
				LastUpgradeCheck = 0510;
				ORGANIZATIONNAME = Simplan;
				TargetAttributes = {
					57A850DB190004980062932C = {
						TestTargetID = 57A850B7190004980062932C;
					};
				};
			};
			buildConfigurationList = 57A850B3190004980062932C /* Build configuration list for PBXProject "MyDota" */;
			compatibilityVersion = "Xcode 3.2";
			developmentRegion = English;
			hasScannedForEncodings = 0;
			knownRegions = (
				en,
				Base,
			);
			mainGroup = 57A850AF190004980062932C;
			productRefGroup = 57A850B9190004980062932C /* Products */;
			projectDirPath = "";
			projectRoot = "";
			targets = (
				57A850B7190004980062932C /* MyDota */,
				57A850DB190004980062932C /* MyDotaTests */,
			);
		};
/* End PBXProject section */

/* Begin PBXResourcesBuildPhase section */
		57A850B6190004980062932C /* Resources */ = {
			isa = PBXResourcesBuildPhase;
			buildActionMask = 2147483647;
			files = (
				57A850D2190004980062932C /* Main_iPad.storyboard in Resources */,
				57A850D7190004980062932C /* Images.xcassets in Resources */,
				57A7362B191140EB00DF2B97 /* HomeViewController.xib in Resources */,
				57B124F71A0B9E1D00354904 /* ScoreViewController.xib in Resources */,
				57722FE61940D78600CA5267 /* DomobAdSDKBundle.bundle in Resources */,
				57A05DAC1A047FBF00D5060B /* dota.html in Resources */,
				57A850CF190004980062932C /* Main_iPhone.storyboard in Resources */,
				57F4FC041949EAFE00DDF40D /* HeroViewController.xib in Resources */,
				571BE71C1A208B3F00CF4D82 /* ScoreDetialViewController.xib in Resources */,
				57A05E0E1A051DFE00D5060B /* new_file.html in Resources */,
				57A05DB11A048A6C00D5060B /* intelligence.gif in Resources */,
				571BE7271A20934800CF4D82 /* MJTableViewController.xib in Resources */,
				571BE7221A20932F00CF4D82 /* TTTableViewController.xib in Resources */,
				571BE72C1A20935D00CF4D82 /* JJCTableViewController.xib in Resources */,
				57A850C6190004980062932C /* InfoPlist.strings in Resources */,
				57B1F96B19474ACF0083B65F /* MJRefresh.bundle in Resources */,
				57A05DB21A048A6C00D5060B /* strength.gif in Resources */,
				574EC2DA1942B95B003F986A /* sf.gif in Resources */,
				57A05DB01A048A6C00D5060B /* agility.gif in Resources */,
				57A05DBB1A04DD8400D5060B /* rss.xml in Resources */,
			);
			runOnlyForDeploymentPostprocessing = 0;
		};
		57A850DA190004980062932C /* Resources */ = {
			isa = PBXResourcesBuildPhase;
			buildActionMask = 2147483647;
			files = (
				57A850E8190004980062932C /* InfoPlist.strings in Resources */,
			);
			runOnlyForDeploymentPostprocessing = 0;
		};
/* End PBXResourcesBuildPhase section */

/* Begin PBXSourcesBuildPhase section */
		57A850B4190004980062932C /* Sources */ = {
			isa = PBXSourcesBuildPhase;
			buildActionMask = 2147483647;
			files = (
				5749065419336FD0003148E4 /* ASIDataCompressor.m in Sources */,
				57A850D5190004980062932C /* ViewController.m in Sources */,
				57B1F96F19474ACF0083B65F /* MJRefreshHeaderView.m in Sources */,
				5749065E19337E78003148E4 /* MyXmlPraser.m in Sources */,
				574EC2DD1942B9DC003F986A /* MyLoadingView.m in Sources */,
				571BE7261A20934800CF4D82 /* MJTableViewController.m in Sources */,
				571BE7211A20932F00CF4D82 /* TTTableViewController.m in Sources */,
				57F4FBFE1949E88200DDF40D /* HTMLParser.m in Sources */,
				57B1F96D19474ACF0083B65F /* MJRefreshConst.m in Sources */,
				571BE72B1A20935D00CF4D82 /* JJCTableViewController.m in Sources */,
				574EC2D81942B924003F986A /* SCGIFImageView.m in Sources */,
				57A05DB51A04996900D5060B /* HeroBarView.m in Sources */,
				57F4FC0D1949F26400DDF40D /* DotaHeroBar.m in Sources */,
				57B1F96E19474ACF0083B65F /* MJRefreshFooterView.m in Sources */,
				57A850CC190004980062932C /* AppDelegate.m in Sources */,
				57B1F96C19474ACF0083B65F /* MJRefreshBaseView.m in Sources */,
				5749065319336FD0003148E4 /* ASIAuthenticationDialog.m in Sources */,
				57B1F97019474ACF0083B65F /* UIScrollView+Extension.m in Sources */,
				5749065719336FD0003148E4 /* ASIFormDataRequest.m in Sources */,
				57F4FBFD1949E88200DDF40D /* HTMLNode.m in Sources */,
				576DC4C81934F36100D0A13D /* VideoViewController.m in Sources */,
				5749065B19336FD0003148E4 /* PKReachability.m in Sources */,
				57490661193389D1003148E4 /* MyXmlData.m in Sources */,
				5749065519336FD0003148E4 /* ASIDataDecompressor.m in Sources */,
				57A850C8190004980062932C /* main.m in Sources */,
				57B124F61A0B9E1D00354904 /* ScoreViewController.m in Sources */,
				57F4FC031949EAFE00DDF40D /* HeroViewController.m in Sources */,
				5749065919336FD0003148E4 /* ASIInputStream.m in Sources */,
				5749065A19336FD0003148E4 /* ASINetworkQueue.m in Sources */,
				57B1F97219474ACF0083B65F /* UIView+Extension.m in Sources */,
				571BE71B1A208B3F00CF4D82 /* ScoreDetialViewController.m in Sources */,
				57B1F97119474ACF0083B65F /* UIScrollView+MJRefresh.m in Sources */,
				571BE7171A206BBB00CF4D82 /* ScoreData.m in Sources */,
				5749065819336FD0003148E4 /* ASIHTTPRequest.m in Sources */,
				5749065619336FD0003148E4 /* ASIDownloadCache.m in Sources */,
				57A7362A191140EB00DF2B97 /* HomeViewController.m in Sources */,
			);
			runOnlyForDeploymentPostprocessing = 0;
		};
		57A850D8190004980062932C /* Sources */ = {
			isa = PBXSourcesBuildPhase;
			buildActionMask = 2147483647;
			files = (
				57A850EA190004980062932C /* MyDotaTests.m in Sources */,
			);
			runOnlyForDeploymentPostprocessing = 0;
		};
/* End PBXSourcesBuildPhase section */

/* Begin PBXTargetDependency section */
		57A850E2190004980062932C /* PBXTargetDependency */ = {
			isa = PBXTargetDependency;
			target = 57A850B7190004980062932C /* MyDota */;
			targetProxy = 57A850E1190004980062932C /* PBXContainerItemProxy */;
		};
/* End PBXTargetDependency section */

/* Begin PBXVariantGroup section */
		57A850C4190004980062932C /* InfoPlist.strings */ = {
			isa = PBXVariantGroup;
			children = (
				57A850C5190004980062932C /* en */,
			);
			name = InfoPlist.strings;
			sourceTree = "<group>";
		};
		57A850CD190004980062932C /* Main_iPhone.storyboard */ = {
			isa = PBXVariantGroup;
			children = (
				57A850CE190004980062932C /* Base */,
			);
			name = Main_iPhone.storyboard;
			sourceTree = "<group>";
		};
		57A850D0190004980062932C /* Main_iPad.storyboard */ = {
			isa = PBXVariantGroup;
			children = (
				57A850D1190004980062932C /* Base */,
			);
			name = Main_iPad.storyboard;
			sourceTree = "<group>";
		};
		57A850E6190004980062932C /* InfoPlist.strings */ = {
			isa = PBXVariantGroup;
			children = (
				57A850E7190004980062932C /* en */,
			);
			name = InfoPlist.strings;
			sourceTree = "<group>";
		};
/* End PBXVariantGroup section */

/* Begin XCBuildConfiguration section */
		57A850EB190004980062932C /* Debug */ = {
			isa = XCBuildConfiguration;
			buildSettings = {
				ALWAYS_SEARCH_USER_PATHS = NO;
				CLANG_CXX_LANGUAGE_STANDARD = "gnu++0x";
				CLANG_CXX_LIBRARY = "libc++";
				CLANG_ENABLE_MODULES = YES;
				CLANG_ENABLE_OBJC_ARC = YES;
				CLANG_WARN_BOOL_CONVERSION = YES;
				CLANG_WARN_CONSTANT_CONVERSION = YES;
				CLANG_WARN_DIRECT_OBJC_ISA_USAGE = YES_ERROR;
				CLANG_WARN_EMPTY_BODY = YES;
				CLANG_WARN_ENUM_CONVERSION = YES;
				CLANG_WARN_INT_CONVERSION = YES;
				CLANG_WARN_OBJC_ROOT_CLASS = YES_ERROR;
				CLANG_WARN__DUPLICATE_METHOD_MATCH = YES;
				"CODE_SIGN_IDENTITY[sdk=iphoneos*]" = "iPhone Developer";
				COPY_PHASE_STRIP = NO;
				GCC_C_LANGUAGE_STANDARD = gnu99;
				GCC_DYNAMIC_NO_PIC = NO;
				GCC_OPTIMIZATION_LEVEL = 0;
				GCC_PREPROCESSOR_DEFINITIONS = (
					"DEBUG=1",
					"$(inherited)",
				);
				GCC_SYMBOLS_PRIVATE_EXTERN = NO;
				GCC_WARN_64_TO_32_BIT_CONVERSION = YES;
				GCC_WARN_ABOUT_RETURN_TYPE = YES_ERROR;
				GCC_WARN_UNDECLARED_SELECTOR = YES;
				GCC_WARN_UNINITIALIZED_AUTOS = YES_AGGRESSIVE;
				GCC_WARN_UNUSED_FUNCTION = YES;
				GCC_WARN_UNUSED_VARIABLE = YES;
				HEADER_SEARCH_PATHS = (
					"$(inherited)",
					/Applications/Xcode.app/Contents/Developer/Toolchains/XcodeDefault.xctoolchain/usr/include,
					"${SDK_DIR}/usr/include/libxml2",
				);
				IPHONEOS_DEPLOYMENT_TARGET = 5.1;
				ONLY_ACTIVE_ARCH = YES;
				OTHER_LDFLAGS = "-ObjC";
				SDKROOT = iphoneos;
				TARGETED_DEVICE_FAMILY = "1,2";
			};
			name = Debug;
		};
		57A850EC190004980062932C /* Release */ = {
			isa = XCBuildConfiguration;
			buildSettings = {
				ALWAYS_SEARCH_USER_PATHS = NO;
				CLANG_CXX_LANGUAGE_STANDARD = "gnu++0x";
				CLANG_CXX_LIBRARY = "libc++";
				CLANG_ENABLE_MODULES = YES;
				CLANG_ENABLE_OBJC_ARC = YES;
				CLANG_WARN_BOOL_CONVERSION = YES;
				CLANG_WARN_CONSTANT_CONVERSION = YES;
				CLANG_WARN_DIRECT_OBJC_ISA_USAGE = YES_ERROR;
				CLANG_WARN_EMPTY_BODY = YES;
				CLANG_WARN_ENUM_CONVERSION = YES;
				CLANG_WARN_INT_CONVERSION = YES;
				CLANG_WARN_OBJC_ROOT_CLASS = YES_ERROR;
				CLANG_WARN__DUPLICATE_METHOD_MATCH = YES;
				"CODE_SIGN_IDENTITY[sdk=iphoneos*]" = "iPhone Developer";
				COPY_PHASE_STRIP = YES;
				ENABLE_NS_ASSERTIONS = NO;
				GCC_C_LANGUAGE_STANDARD = gnu99;
				GCC_WARN_64_TO_32_BIT_CONVERSION = YES;
				GCC_WARN_ABOUT_RETURN_TYPE = YES_ERROR;
				GCC_WARN_UNDECLARED_SELECTOR = YES;
				GCC_WARN_UNINITIALIZED_AUTOS = YES_AGGRESSIVE;
				GCC_WARN_UNUSED_FUNCTION = YES;
				GCC_WARN_UNUSED_VARIABLE = YES;
				HEADER_SEARCH_PATHS = (
					"$(inherited)",
					/Applications/Xcode.app/Contents/Developer/Toolchains/XcodeDefault.xctoolchain/usr/include,
					"${SDK_DIR}/usr/include/libxml2",
				);
				IPHONEOS_DEPLOYMENT_TARGET = 5.1;
				OTHER_LDFLAGS = "-ObjC";
				SDKROOT = iphoneos;
				TARGETED_DEVICE_FAMILY = "1,2";
				VALIDATE_PRODUCT = YES;
			};
			name = Release;
		};
		57A850EE190004980062932C /* Debug */ = {
			isa = XCBuildConfiguration;
			buildSettings = {
				ASSETCATALOG_COMPILER_APPICON_NAME = AppIcon;
				ASSETCATALOG_COMPILER_LAUNCHIMAGE_NAME = LaunchImage;
				FRAMEWORK_SEARCH_PATHS = (
					"$(inherited)",
					"$(DEVELOPER_FRAMEWORKS_DIR)",
				);
				GCC_PRECOMPILE_PREFIX_HEADER = YES;
				GCC_PREFIX_HEADER = "MyDota/MyDota-Prefix.pch";
				INFOPLIST_FILE = "MyDota/MyDota-Info.plist";
				LIBRARY_SEARCH_PATHS = (
					"$(inherited)",
					"$(PROJECT_DIR)/MyDota",
					"$(PROJECT_DIR)/MyDota/DomobAdSDK",
				);
				PRODUCT_NAME = "$(TARGET_NAME)";
				VALID_ARCHS = "arm64 armv7 ";
				WRAPPER_EXTENSION = app;
			};
			name = Debug;
		};
		57A850EF190004980062932C /* Release */ = {
			isa = XCBuildConfiguration;
			buildSettings = {
				ASSETCATALOG_COMPILER_APPICON_NAME = AppIcon;
				ASSETCATALOG_COMPILER_LAUNCHIMAGE_NAME = LaunchImage;
				FRAMEWORK_SEARCH_PATHS = (
					"$(inherited)",
					"$(DEVELOPER_FRAMEWORKS_DIR)",
				);
				GCC_PRECOMPILE_PREFIX_HEADER = YES;
				GCC_PREFIX_HEADER = "MyDota/MyDota-Prefix.pch";
				INFOPLIST_FILE = "MyDota/MyDota-Info.plist";
				LIBRARY_SEARCH_PATHS = (
					"$(inherited)",
					"$(PROJECT_DIR)/MyDota",
					"$(PROJECT_DIR)/MyDota/DomobAdSDK",
				);
				PRODUCT_NAME = "$(TARGET_NAME)";
				VALID_ARCHS = "arm64 armv7 ";
				WRAPPER_EXTENSION = app;
			};
			name = Release;
		};
		57A850F1190004980062932C /* Debug */ = {
			isa = XCBuildConfiguration;
			buildSettings = {
				BUNDLE_LOADER = "$(BUILT_PRODUCTS_DIR)/MyDota.app/MyDota";
				FRAMEWORK_SEARCH_PATHS = (
					"$(SDKROOT)/Developer/Library/Frameworks",
					"$(inherited)",
					"$(DEVELOPER_FRAMEWORKS_DIR)",
				);
				GCC_PRECOMPILE_PREFIX_HEADER = YES;
				GCC_PREFIX_HEADER = "MyDota/MyDota-Prefix.pch";
				GCC_PREPROCESSOR_DEFINITIONS = (
					"DEBUG=1",
					"$(inherited)",
				);
				INFOPLIST_FILE = "MyDotaTests/MyDotaTests-Info.plist";
				PRODUCT_NAME = "$(TARGET_NAME)";
				TEST_HOST = "$(BUNDLE_LOADER)";
				WRAPPER_EXTENSION = xctest;
			};
			name = Debug;
		};
		57A850F2190004980062932C /* Release */ = {
			isa = XCBuildConfiguration;
			buildSettings = {
				BUNDLE_LOADER = "$(BUILT_PRODUCTS_DIR)/MyDota.app/MyDota";
				FRAMEWORK_SEARCH_PATHS = (
					"$(SDKROOT)/Developer/Library/Frameworks",
					"$(inherited)",
					"$(DEVELOPER_FRAMEWORKS_DIR)",
				);
				GCC_PRECOMPILE_PREFIX_HEADER = YES;
				GCC_PREFIX_HEADER = "MyDota/MyDota-Prefix.pch";
				INFOPLIST_FILE = "MyDotaTests/MyDotaTests-Info.plist";
				PRODUCT_NAME = "$(TARGET_NAME)";
				TEST_HOST = "$(BUNDLE_LOADER)";
				WRAPPER_EXTENSION = xctest;
			};
			name = Release;
		};
/* End XCBuildConfiguration section */

/* Begin XCConfigurationList section */
		57A850B3190004980062932C /* Build configuration list for PBXProject "MyDota" */ = {
			isa = XCConfigurationList;
			buildConfigurations = (
				57A850EB190004980062932C /* Debug */,
				57A850EC190004980062932C /* Release */,
			);
			defaultConfigurationIsVisible = 0;
			defaultConfigurationName = Release;
		};
		57A850ED190004980062932C /* Build configuration list for PBXNativeTarget "MyDota" */ = {
			isa = XCConfigurationList;
			buildConfigurations = (
				57A850EE190004980062932C /* Debug */,
				57A850EF190004980062932C /* Release */,
			);
			defaultConfigurationIsVisible = 0;
			defaultConfigurationName = Release;
		};
		57A850F0190004980062932C /* Build configuration list for PBXNativeTarget "MyDotaTests" */ = {
			isa = XCConfigurationList;
			buildConfigurations = (
				57A850F1190004980062932C /* Debug */,
				57A850F2190004980062932C /* Release */,
			);
			defaultConfigurationIsVisible = 0;
			defaultConfigurationName = Release;
		};
/* End XCConfigurationList section */
	};
	rootObject = 57A850B0190004980062932C /* Project object */;
}
